// !$*UTF8*$!
{
	archiveVersion = 1;
	classes = {
	};
	objectVersion = 55;
	objects = {

/* Begin PBXBuildFile section */
		302EEA29287DD98A00D0BFE2 /* SearchBarComponent.swift in Sources */ = {isa = PBXBuildFile; fileRef = 302EEA28287DD98A00D0BFE2 /* SearchBarComponent.swift */; };
		302EEA2B287DD99500D0BFE2 /* SearchBarComponentData.swift in Sources */ = {isa = PBXBuildFile; fileRef = 302EEA2A287DD99500D0BFE2 /* SearchBarComponentData.swift */; };
		302EEA2D287DE1BE00D0BFE2 /* SearchBarComponentDelegate.swift in Sources */ = {isa = PBXBuildFile; fileRef = 302EEA2C287DE1BE00D0BFE2 /* SearchBarComponentDelegate.swift */; };
		3047FDCB287AD258002C5AA0 /* AppDelegate.swift in Sources */ = {isa = PBXBuildFile; fileRef = 3047FDCA287AD258002C5AA0 /* AppDelegate.swift */; };
		3047FDCF287AD258002C5AA0 /* ViewController.swift in Sources */ = {isa = PBXBuildFile; fileRef = 3047FDCE287AD258002C5AA0 /* ViewController.swift */; };
		3047FDD4287AD25A002C5AA0 /* Assets.xcassets in Resources */ = {isa = PBXBuildFile; fileRef = 3047FDD3287AD25A002C5AA0 /* Assets.xcassets */; };
		3047FDD7287AD25A002C5AA0 /* LaunchScreen.storyboard in Resources */ = {isa = PBXBuildFile; fileRef = 3047FDD5287AD25A002C5AA0 /* LaunchScreen.storyboard */; };
		3047FDE2287AD25B002C5AA0 /* MoviesAppTests.swift in Sources */ = {isa = PBXBuildFile; fileRef = 3047FDE1287AD25B002C5AA0 /* MoviesAppTests.swift */; };
		3047FDEC287AD25B002C5AA0 /* MoviesAppUITests.swift in Sources */ = {isa = PBXBuildFile; fileRef = 3047FDEB287AD25B002C5AA0 /* MoviesAppUITests.swift */; };
		3047FDEE287AD25B002C5AA0 /* MoviesAppUITestsLaunchTests.swift in Sources */ = {isa = PBXBuildFile; fileRef = 3047FDED287AD25B002C5AA0 /* MoviesAppUITestsLaunchTests.swift */; };
		3047FE15287AD3A1002C5AA0 /* BaseWireframe.swift in Sources */ = {isa = PBXBuildFile; fileRef = 3047FE0F287AD3A1002C5AA0 /* BaseWireframe.swift */; };
		3047FE16287AD3A1002C5AA0 /* FormatterInterface.swift in Sources */ = {isa = PBXBuildFile; fileRef = 3047FE10287AD3A1002C5AA0 /* FormatterInterface.swift */; };
		3047FE17287AD3A1002C5AA0 /* UIStoryboardExtension.swift in Sources */ = {isa = PBXBuildFile; fileRef = 3047FE11287AD3A1002C5AA0 /* UIStoryboardExtension.swift */; };
		3047FE18287AD3A1002C5AA0 /* PresenterInterface.swift in Sources */ = {isa = PBXBuildFile; fileRef = 3047FE12287AD3A1002C5AA0 /* PresenterInterface.swift */; };
		3047FE19287AD3A1002C5AA0 /* ViewInterface.swift in Sources */ = {isa = PBXBuildFile; fileRef = 3047FE13287AD3A1002C5AA0 /* ViewInterface.swift */; };
		3047FE1A287AD3A1002C5AA0 /* InteractorInterface.swift in Sources */ = {isa = PBXBuildFile; fileRef = 3047FE14287AD3A1002C5AA0 /* InteractorInterface.swift */; };
		3047FE2D287AD3BB002C5AA0 /* PersonDetailsInterfaces.swift in Sources */ = {isa = PBXBuildFile; fileRef = 3047FE27287AD3BB002C5AA0 /* PersonDetailsInterfaces.swift */; };
		3047FE2E287AD3BB002C5AA0 /* PersonDetailsPresenter.swift in Sources */ = {isa = PBXBuildFile; fileRef = 3047FE28287AD3BB002C5AA0 /* PersonDetailsPresenter.swift */; };
		3047FE2F287AD3BB002C5AA0 /* PersonDetailsViewController.swift in Sources */ = {isa = PBXBuildFile; fileRef = 3047FE29287AD3BB002C5AA0 /* PersonDetailsViewController.swift */; };
		3047FE30287AD3BB002C5AA0 /* PersonDetailsFormatter.swift in Sources */ = {isa = PBXBuildFile; fileRef = 3047FE2A287AD3BB002C5AA0 /* PersonDetailsFormatter.swift */; };
		3047FE31287AD3BB002C5AA0 /* PersonDetailsInteractor.swift in Sources */ = {isa = PBXBuildFile; fileRef = 3047FE2B287AD3BB002C5AA0 /* PersonDetailsInteractor.swift */; };
		3047FE32287AD3BB002C5AA0 /* PersonDetailsWireframe.swift in Sources */ = {isa = PBXBuildFile; fileRef = 3047FE2C287AD3BB002C5AA0 /* PersonDetailsWireframe.swift */; };
		3047FE39287AD3C6002C5AA0 /* MovieDetailsInterfaces.swift in Sources */ = {isa = PBXBuildFile; fileRef = 3047FE33287AD3C6002C5AA0 /* MovieDetailsInterfaces.swift */; };
		3047FE3A287AD3C6002C5AA0 /* MovieDetailsPresenter.swift in Sources */ = {isa = PBXBuildFile; fileRef = 3047FE34287AD3C6002C5AA0 /* MovieDetailsPresenter.swift */; };
		3047FE3B287AD3C6002C5AA0 /* MovieDetailsViewController.swift in Sources */ = {isa = PBXBuildFile; fileRef = 3047FE35287AD3C6002C5AA0 /* MovieDetailsViewController.swift */; };
		3047FE3C287AD3C6002C5AA0 /* MovieDetailsFormatter.swift in Sources */ = {isa = PBXBuildFile; fileRef = 3047FE36287AD3C6002C5AA0 /* MovieDetailsFormatter.swift */; };
		3047FE3D287AD3C6002C5AA0 /* MovieDetailsInteractor.swift in Sources */ = {isa = PBXBuildFile; fileRef = 3047FE37287AD3C6002C5AA0 /* MovieDetailsInteractor.swift */; };
		3047FE3E287AD3C6002C5AA0 /* MovieDetailsWireframe.swift in Sources */ = {isa = PBXBuildFile; fileRef = 3047FE38287AD3C6002C5AA0 /* MovieDetailsWireframe.swift */; };
		3047FE45287AD3D2002C5AA0 /* MainScreenInterfaces.swift in Sources */ = {isa = PBXBuildFile; fileRef = 3047FE3F287AD3D2002C5AA0 /* MainScreenInterfaces.swift */; };
		3047FE46287AD3D2002C5AA0 /* MainScreenPresenter.swift in Sources */ = {isa = PBXBuildFile; fileRef = 3047FE40287AD3D2002C5AA0 /* MainScreenPresenter.swift */; };
		3047FE47287AD3D2002C5AA0 /* MainScreenViewController.swift in Sources */ = {isa = PBXBuildFile; fileRef = 3047FE41287AD3D2002C5AA0 /* MainScreenViewController.swift */; };
		3047FE48287AD3D2002C5AA0 /* MainScreenFormatter.swift in Sources */ = {isa = PBXBuildFile; fileRef = 3047FE42287AD3D2002C5AA0 /* MainScreenFormatter.swift */; };
		3047FE49287AD3D2002C5AA0 /* MainScreenInteractor.swift in Sources */ = {isa = PBXBuildFile; fileRef = 3047FE43287AD3D2002C5AA0 /* MainScreenInteractor.swift */; };
		3047FE4A287AD3D2002C5AA0 /* MainScreenWireframe.swift in Sources */ = {isa = PBXBuildFile; fileRef = 3047FE44287AD3D2002C5AA0 /* MainScreenWireframe.swift */; };
		3047FE4D287AD473002C5AA0 /* GenericLabelComponent.swift in Sources */ = {isa = PBXBuildFile; fileRef = 3047FE4C287AD473002C5AA0 /* GenericLabelComponent.swift */; };
		3047FE4F287AD47A002C5AA0 /* GenericLabelComponentData.swift in Sources */ = {isa = PBXBuildFile; fileRef = 3047FE4E287AD47A002C5AA0 /* GenericLabelComponentData.swift */; };
		3047FE51287AD4BD002C5AA0 /* AttributedLabel.swift in Sources */ = {isa = PBXBuildFile; fileRef = 3047FE50287AD4BD002C5AA0 /* AttributedLabel.swift */; };
		3047FE56287AD900002C5AA0 /* PopularMoviesTableViewCellComponent.swift in Sources */ = {isa = PBXBuildFile; fileRef = 3047FE55287AD900002C5AA0 /* PopularMoviesTableViewCellComponent.swift */; };
		3047FE58287AD905002C5AA0 /* PopularMoviesTableViewCellComponentData.swift in Sources */ = {isa = PBXBuildFile; fileRef = 3047FE57287AD905002C5AA0 /* PopularMoviesTableViewCellComponentData.swift */; };
		3047FE5C287AD997002C5AA0 /* DataBaseComponentView.swift in Sources */ = {isa = PBXBuildFile; fileRef = 3047FE5B287AD997002C5AA0 /* DataBaseComponentView.swift */; };
		3047FE5E287AD9B1002C5AA0 /* BaseComponentView.swift in Sources */ = {isa = PBXBuildFile; fileRef = 3047FE5D287AD9B1002C5AA0 /* BaseComponentView.swift */; };
		3047FE60287AD9D2002C5AA0 /* GenericViewType.swift in Sources */ = {isa = PBXBuildFile; fileRef = 3047FE5F287AD9D2002C5AA0 /* GenericViewType.swift */; };
		3057BA8B287D76F80000332D /* MoviesRepositoryInterface.swift in Sources */ = {isa = PBXBuildFile; fileRef = 3057BA58287D76F80000332D /* MoviesRepositoryInterface.swift */; };
		3057BA8C287D76F80000332D /* MoviesRemoteInterface.swift in Sources */ = {isa = PBXBuildFile; fileRef = 3057BA59287D76F80000332D /* MoviesRemoteInterface.swift */; };
		3057BA8D287D76F80000332D /* MoviesOperationsRepository.swift in Sources */ = {isa = PBXBuildFile; fileRef = 3057BA5B287D76F80000332D /* MoviesOperationsRepository.swift */; };
		3057BA8E287D76F80000332D /* PopularMoviesServiceModule.swift in Sources */ = {isa = PBXBuildFile; fileRef = 3057BA5D287D76F80000332D /* PopularMoviesServiceModule.swift */; };
		3057BA8F287D76F80000332D /* MoviesServices.swift in Sources */ = {isa = PBXBuildFile; fileRef = 3057BA5E287D76F80000332D /* MoviesServices.swift */; };
		3057BA90287D76F80000332D /* MoviesRemote.swift in Sources */ = {isa = PBXBuildFile; fileRef = 3057BA60287D76F80000332D /* MoviesRemote.swift */; };
		3057BA91287D76F80000332D /* Endpoints.swift in Sources */ = {isa = PBXBuildFile; fileRef = 3057BA62287D76F80000332D /* Endpoints.swift */; };
		3057BA92287D76F80000332D /* GenericValueProtocol.swift in Sources */ = {isa = PBXBuildFile; fileRef = 3057BA64287D76F80000332D /* GenericValueProtocol.swift */; };
		3057BA93287D76F80000332D /* HttpClientInterface.swift in Sources */ = {isa = PBXBuildFile; fileRef = 3057BA66287D76F80000332D /* HttpClientInterface.swift */; };
		3057BA94287D76F80000332D /* ApiInterceptor.swift in Sources */ = {isa = PBXBuildFile; fileRef = 3057BA67287D76F80000332D /* ApiInterceptor.swift */; };
		3057BA95287D76F80000332D /* EncodableExtension.swift in Sources */ = {isa = PBXBuildFile; fileRef = 3057BA68287D76F80000332D /* EncodableExtension.swift */; };
		3057BA96287D76F80000332D /* ApiManager.swift in Sources */ = {isa = PBXBuildFile; fileRef = 3057BA69287D76F80000332D /* ApiManager.swift */; };
		3057BA97287D76F80000332D /* ApiEventMonitor.swift in Sources */ = {isa = PBXBuildFile; fileRef = 3057BA6A287D76F80000332D /* ApiEventMonitor.swift */; };
		3057BA98287D76F80000332D /* ApiRetrier.swift in Sources */ = {isa = PBXBuildFile; fileRef = 3057BA6B287D76F80000332D /* ApiRetrier.swift */; };
		3057BA99287D76F80000332D /* ApiAdapter.swift in Sources */ = {isa = PBXBuildFile; fileRef = 3057BA6C287D76F80000332D /* ApiAdapter.swift */; };
		3057BA9A287D76F80000332D /* ApiServiceProvider.swift in Sources */ = {isa = PBXBuildFile; fileRef = 3057BA6D287D76F80000332D /* ApiServiceProvider.swift */; };
		3057BA9B287D76F80000332D /* HttpHeaderFields.swift in Sources */ = {isa = PBXBuildFile; fileRef = 3057BA6E287D76F80000332D /* HttpHeaderFields.swift */; };
		3057BA9C287D76F80000332D /* MoviesCallback.swift in Sources */ = {isa = PBXBuildFile; fileRef = 3057BA72287D76F80000332D /* MoviesCallback.swift */; };
		3057BA9D287D76F80000332D /* PopularMoviesRequestModel.swift in Sources */ = {isa = PBXBuildFile; fileRef = 3057BA74287D76F80000332D /* PopularMoviesRequestModel.swift */; };
		3057BA9E287D76F80000332D /* PopularMoviesResponseModel.swift in Sources */ = {isa = PBXBuildFile; fileRef = 3057BA75287D76F80000332D /* PopularMoviesResponseModel.swift */; };
		3057BA9F287D76F80000332D /* PopularMoviesUsecase.swift in Sources */ = {isa = PBXBuildFile; fileRef = 3057BA77287D76F80000332D /* PopularMoviesUsecase.swift */; };
		3057BAA0287D76F80000332D /* BaseUseCase.swift in Sources */ = {isa = PBXBuildFile; fileRef = 3057BA7A287D76F80000332D /* BaseUseCase.swift */; };
		3057BAA1287D76F80000332D /* BaseRequest.swift in Sources */ = {isa = PBXBuildFile; fileRef = 3057BA7B287D76F80000332D /* BaseRequest.swift */; };
		3057BAA2287D76F80000332D /* UseCaseCallback.swift in Sources */ = {isa = PBXBuildFile; fileRef = 3057BA7C287D76F80000332D /* UseCaseCallback.swift */; };
		3057BAA3287D76F80000332D /* BaseResponse.swift in Sources */ = {isa = PBXBuildFile; fileRef = 3057BA7D287D76F80000332D /* BaseResponse.swift */; };
		3057BAA4287D76F80000332D /* UseCaseListener.swift in Sources */ = {isa = PBXBuildFile; fileRef = 3057BA7E287D76F80000332D /* UseCaseListener.swift */; };
		3057BAA5287D76F80000332D /* SingleUseCase.swift in Sources */ = {isa = PBXBuildFile; fileRef = 3057BA7F287D76F80000332D /* SingleUseCase.swift */; };
		3057BAA6287D76F80000332D /* UseCaseCallbackInteractor.swift in Sources */ = {isa = PBXBuildFile; fileRef = 3057BA80287D76F80000332D /* UseCaseCallbackInteractor.swift */; };
		3057BAA7287D76F80000332D /* CodableDataProtocol.swift in Sources */ = {isa = PBXBuildFile; fileRef = 3057BA82287D76F80000332D /* CodableDataProtocol.swift */; };
		3057BAA8287D76F80000332D /* BaseUseCaseInterface.swift in Sources */ = {isa = PBXBuildFile; fileRef = 3057BA83287D76F80000332D /* BaseUseCaseInterface.swift */; };
		3057BAA9287D76F80000332D /* BaseResponseProtocol.swift in Sources */ = {isa = PBXBuildFile; fileRef = 3057BA84287D76F80000332D /* BaseResponseProtocol.swift */; };
		3057BAAA287D76F80000332D /* BaseUseCaseExtension.swift in Sources */ = {isa = PBXBuildFile; fileRef = 3057BA86287D76F80000332D /* BaseUseCaseExtension.swift */; };
		3057BAAB287D76F80000332D /* GenericErrorResponseModule.swift in Sources */ = {isa = PBXBuildFile; fileRef = 3057BA88287D76F80000332D /* GenericErrorResponseModule.swift */; };
		3057BAAC287D76F80000332D /* BaseErrorResponse.swift in Sources */ = {isa = PBXBuildFile; fileRef = 3057BA89287D76F80000332D /* BaseErrorResponse.swift */; };
		3057BAAD287D76F80000332D /* ApiConnectionErrorType.swift in Sources */ = {isa = PBXBuildFile; fileRef = 3057BA8A287D76F80000332D /* ApiConnectionErrorType.swift */; };
		306BD49F287DAD3700B8A4F1 /* ListLoadingState.swift in Sources */ = {isa = PBXBuildFile; fileRef = 306BD49E287DAD3700B8A4F1 /* ListLoadingState.swift */; };
		30BCC061287DBE700003EF5A /* ColorAsset.swift in Sources */ = {isa = PBXBuildFile; fileRef = 30BCC060287DBE700003EF5A /* ColorAsset.swift */; };
		30D1A333287AE6AE009F77D7 /* BaseTableViewCell.swift in Sources */ = {isa = PBXBuildFile; fileRef = 30D1A332287AE6AE009F77D7 /* BaseTableViewCell.swift */; };
		30D1A337287AE6D1009F77D7 /* UITableView+Extension.swift in Sources */ = {isa = PBXBuildFile; fileRef = 30D1A336287AE6D1009F77D7 /* UITableView+Extension.swift */; };
		30D1A339287AE748009F77D7 /* GenericTableViewCell.swift in Sources */ = {isa = PBXBuildFile; fileRef = 30D1A338287AE748009F77D7 /* GenericTableViewCell.swift */; };
		30D1A33C287AE978009F77D7 /* CellViewComponent.swift in Sources */ = {isa = PBXBuildFile; fileRef = 30D1A33B287AE978009F77D7 /* CellViewComponent.swift */; };
		30D1A33E287AE98D009F77D7 /* CellViewComponentData.swift in Sources */ = {isa = PBXBuildFile; fileRef = 30D1A33D287AE98D009F77D7 /* CellViewComponentData.swift */; };
		30D1A348287AF931009F77D7 /* GenericDataProtocol.swift in Sources */ = {isa = PBXBuildFile; fileRef = 30D1A347287AF931009F77D7 /* GenericDataProtocol.swift */; };
		30D1A34B287AF97A009F77D7 /* LoadingCellComponent.swift in Sources */ = {isa = PBXBuildFile; fileRef = 30D1A34A287AF97A009F77D7 /* LoadingCellComponent.swift */; };
		30D4D95A287D640500A9733E /* ApiProviderServiceAssembly.swift in Sources */ = {isa = PBXBuildFile; fileRef = 30D4D954287D640500A9733E /* ApiProviderServiceAssembly.swift */; };
		30D4D95B287D640500A9733E /* ManagerAssembly.swift in Sources */ = {isa = PBXBuildFile; fileRef = 30D4D955287D640500A9733E /* ManagerAssembly.swift */; };
		30D4D95C287D640500A9733E /* ApiRemoteAssembly.swift in Sources */ = {isa = PBXBuildFile; fileRef = 30D4D956287D640500A9733E /* ApiRemoteAssembly.swift */; };
		30D4D95D287D640500A9733E /* AssemblerExtension.swift in Sources */ = {isa = PBXBuildFile; fileRef = 30D4D957287D640500A9733E /* AssemblerExtension.swift */; };
		30D4D95E287D640500A9733E /* RepositoryAssembly.swift in Sources */ = {isa = PBXBuildFile; fileRef = 30D4D958287D640500A9733E /* RepositoryAssembly.swift */; };
		30D4D95F287D640500A9733E /* UsecaseAssembly.swift in Sources */ = {isa = PBXBuildFile; fileRef = 30D4D959287D640500A9733E /* UsecaseAssembly.swift */; };
		30D4D961287D64C900A9733E /* AssemblerWireframeInteractorProtocol.swift in Sources */ = {isa = PBXBuildFile; fileRef = 30D4D960287D64C900A9733E /* AssemblerWireframeInteractorProtocol.swift */; };
		30E49C79287EA43200E10518 /* SearchRepositoryInterface.swift in Sources */ = {isa = PBXBuildFile; fileRef = 30E49C70287EA43200E10518 /* SearchRepositoryInterface.swift */; };
		30E49C7A287EA43200E10518 /* SearchRemoteInterface.swift in Sources */ = {isa = PBXBuildFile; fileRef = 30E49C71287EA43200E10518 /* SearchRemoteInterface.swift */; };
		30E49C7B287EA43200E10518 /* SearchOperationsRepository.swift in Sources */ = {isa = PBXBuildFile; fileRef = 30E49C73287EA43200E10518 /* SearchOperationsRepository.swift */; };
		30E49C7C287EA43200E10518 /* SearchOperationsRemote.swift in Sources */ = {isa = PBXBuildFile; fileRef = 30E49C75287EA43200E10518 /* SearchOperationsRemote.swift */; };
		30E49C7D287EA43200E10518 /* MultipleSearchServiceModule.swift in Sources */ = {isa = PBXBuildFile; fileRef = 30E49C77287EA43200E10518 /* MultipleSearchServiceModule.swift */; };
		30E49C7E287EA43200E10518 /* SearchServices.swift in Sources */ = {isa = PBXBuildFile; fileRef = 30E49C78287EA43200E10518 /* SearchServices.swift */; };
		30E49C86287EA43E00E10518 /* SearchCallback.swift in Sources */ = {isa = PBXBuildFile; fileRef = 30E49C80287EA43E00E10518 /* SearchCallback.swift */; };
		30E49C87287EA43E00E10518 /* SearchRequestModel.swift in Sources */ = {isa = PBXBuildFile; fileRef = 30E49C82287EA43E00E10518 /* SearchRequestModel.swift */; };
		30E49C88287EA43E00E10518 /* SearchResponseModel.swift in Sources */ = {isa = PBXBuildFile; fileRef = 30E49C83287EA43E00E10518 /* SearchResponseModel.swift */; };
		30E49C89287EA43E00E10518 /* MultipleSearchUsecase.swift in Sources */ = {isa = PBXBuildFile; fileRef = 30E49C85287EA43E00E10518 /* MultipleSearchUsecase.swift */; };
		30E768F928804115003E321F /* TableViewCell.swift in Sources */ = {isa = PBXBuildFile; fileRef = 30E768F828804115003E321F /* TableViewCell.swift */; };
/* End PBXBuildFile section */

/* Begin PBXContainerItemProxy section */
		3047FDDE287AD25B002C5AA0 /* PBXContainerItemProxy */ = {
			isa = PBXContainerItemProxy;
			containerPortal = 3047FDBF287AD258002C5AA0 /* Project object */;
			proxyType = 1;
			remoteGlobalIDString = 3047FDC6287AD258002C5AA0;
			remoteInfo = MoviesApp;
		};
		3047FDE8287AD25B002C5AA0 /* PBXContainerItemProxy */ = {
			isa = PBXContainerItemProxy;
			containerPortal = 3047FDBF287AD258002C5AA0 /* Project object */;
			proxyType = 1;
			remoteGlobalIDString = 3047FDC6287AD258002C5AA0;
			remoteInfo = MoviesApp;
		};
/* End PBXContainerItemProxy section */

/* Begin PBXFileReference section */
		300EFF6E287C62AB00EDB2C4 /* NetworkService.framework */ = {isa = PBXFileReference; explicitFileType = wrapper.framework; path = NetworkService.framework; sourceTree = BUILT_PRODUCTS_DIR; };
		302EEA28287DD98A00D0BFE2 /* SearchBarComponent.swift */ = {isa = PBXFileReference; lastKnownFileType = sourcecode.swift; path = SearchBarComponent.swift; sourceTree = "<group>"; };
		302EEA2A287DD99500D0BFE2 /* SearchBarComponentData.swift */ = {isa = PBXFileReference; lastKnownFileType = sourcecode.swift; path = SearchBarComponentData.swift; sourceTree = "<group>"; };
		302EEA2C287DE1BE00D0BFE2 /* SearchBarComponentDelegate.swift */ = {isa = PBXFileReference; lastKnownFileType = sourcecode.swift; path = SearchBarComponentDelegate.swift; sourceTree = "<group>"; };
		3047FDC7287AD258002C5AA0 /* MoviesApp.app */ = {isa = PBXFileReference; explicitFileType = wrapper.application; includeInIndex = 0; path = MoviesApp.app; sourceTree = BUILT_PRODUCTS_DIR; };
		3047FDCA287AD258002C5AA0 /* AppDelegate.swift */ = {isa = PBXFileReference; lastKnownFileType = sourcecode.swift; path = AppDelegate.swift; sourceTree = "<group>"; };
		3047FDCE287AD258002C5AA0 /* ViewController.swift */ = {isa = PBXFileReference; lastKnownFileType = sourcecode.swift; path = ViewController.swift; sourceTree = "<group>"; };
		3047FDD3287AD25A002C5AA0 /* Assets.xcassets */ = {isa = PBXFileReference; lastKnownFileType = folder.assetcatalog; path = Assets.xcassets; sourceTree = "<group>"; };
		3047FDD6287AD25A002C5AA0 /* Base */ = {isa = PBXFileReference; lastKnownFileType = file.storyboard; name = Base; path = Base.lproj/LaunchScreen.storyboard; sourceTree = "<group>"; };
		3047FDD8287AD25A002C5AA0 /* Info.plist */ = {isa = PBXFileReference; lastKnownFileType = text.plist.xml; path = Info.plist; sourceTree = "<group>"; };
		3047FDDD287AD25B002C5AA0 /* MoviesAppTests.xctest */ = {isa = PBXFileReference; explicitFileType = wrapper.cfbundle; includeInIndex = 0; path = MoviesAppTests.xctest; sourceTree = BUILT_PRODUCTS_DIR; };
		3047FDE1287AD25B002C5AA0 /* MoviesAppTests.swift */ = {isa = PBXFileReference; lastKnownFileType = sourcecode.swift; path = MoviesAppTests.swift; sourceTree = "<group>"; };
		3047FDE7287AD25B002C5AA0 /* MoviesAppUITests.xctest */ = {isa = PBXFileReference; explicitFileType = wrapper.cfbundle; includeInIndex = 0; path = MoviesAppUITests.xctest; sourceTree = BUILT_PRODUCTS_DIR; };
		3047FDEB287AD25B002C5AA0 /* MoviesAppUITests.swift */ = {isa = PBXFileReference; lastKnownFileType = sourcecode.swift; path = MoviesAppUITests.swift; sourceTree = "<group>"; };
		3047FDED287AD25B002C5AA0 /* MoviesAppUITestsLaunchTests.swift */ = {isa = PBXFileReference; lastKnownFileType = sourcecode.swift; path = MoviesAppUITestsLaunchTests.swift; sourceTree = "<group>"; };
		3047FE0F287AD3A1002C5AA0 /* BaseWireframe.swift */ = {isa = PBXFileReference; lastKnownFileType = sourcecode.swift; path = BaseWireframe.swift; sourceTree = "<group>"; };
		3047FE10287AD3A1002C5AA0 /* FormatterInterface.swift */ = {isa = PBXFileReference; lastKnownFileType = sourcecode.swift; path = FormatterInterface.swift; sourceTree = "<group>"; };
		3047FE11287AD3A1002C5AA0 /* UIStoryboardExtension.swift */ = {isa = PBXFileReference; lastKnownFileType = sourcecode.swift; path = UIStoryboardExtension.swift; sourceTree = "<group>"; };
		3047FE12287AD3A1002C5AA0 /* PresenterInterface.swift */ = {isa = PBXFileReference; lastKnownFileType = sourcecode.swift; path = PresenterInterface.swift; sourceTree = "<group>"; };
		3047FE13287AD3A1002C5AA0 /* ViewInterface.swift */ = {isa = PBXFileReference; lastKnownFileType = sourcecode.swift; path = ViewInterface.swift; sourceTree = "<group>"; };
		3047FE14287AD3A1002C5AA0 /* InteractorInterface.swift */ = {isa = PBXFileReference; lastKnownFileType = sourcecode.swift; path = InteractorInterface.swift; sourceTree = "<group>"; };
		3047FE27287AD3BB002C5AA0 /* PersonDetailsInterfaces.swift */ = {isa = PBXFileReference; lastKnownFileType = sourcecode.swift; path = PersonDetailsInterfaces.swift; sourceTree = "<group>"; };
		3047FE28287AD3BB002C5AA0 /* PersonDetailsPresenter.swift */ = {isa = PBXFileReference; lastKnownFileType = sourcecode.swift; path = PersonDetailsPresenter.swift; sourceTree = "<group>"; };
		3047FE29287AD3BB002C5AA0 /* PersonDetailsViewController.swift */ = {isa = PBXFileReference; lastKnownFileType = sourcecode.swift; path = PersonDetailsViewController.swift; sourceTree = "<group>"; };
		3047FE2A287AD3BB002C5AA0 /* PersonDetailsFormatter.swift */ = {isa = PBXFileReference; lastKnownFileType = sourcecode.swift; path = PersonDetailsFormatter.swift; sourceTree = "<group>"; };
		3047FE2B287AD3BB002C5AA0 /* PersonDetailsInteractor.swift */ = {isa = PBXFileReference; lastKnownFileType = sourcecode.swift; path = PersonDetailsInteractor.swift; sourceTree = "<group>"; };
		3047FE2C287AD3BB002C5AA0 /* PersonDetailsWireframe.swift */ = {isa = PBXFileReference; lastKnownFileType = sourcecode.swift; path = PersonDetailsWireframe.swift; sourceTree = "<group>"; };
		3047FE33287AD3C6002C5AA0 /* MovieDetailsInterfaces.swift */ = {isa = PBXFileReference; lastKnownFileType = sourcecode.swift; path = MovieDetailsInterfaces.swift; sourceTree = "<group>"; };
		3047FE34287AD3C6002C5AA0 /* MovieDetailsPresenter.swift */ = {isa = PBXFileReference; lastKnownFileType = sourcecode.swift; path = MovieDetailsPresenter.swift; sourceTree = "<group>"; };
		3047FE35287AD3C6002C5AA0 /* MovieDetailsViewController.swift */ = {isa = PBXFileReference; lastKnownFileType = sourcecode.swift; path = MovieDetailsViewController.swift; sourceTree = "<group>"; };
		3047FE36287AD3C6002C5AA0 /* MovieDetailsFormatter.swift */ = {isa = PBXFileReference; lastKnownFileType = sourcecode.swift; path = MovieDetailsFormatter.swift; sourceTree = "<group>"; };
		3047FE37287AD3C6002C5AA0 /* MovieDetailsInteractor.swift */ = {isa = PBXFileReference; lastKnownFileType = sourcecode.swift; path = MovieDetailsInteractor.swift; sourceTree = "<group>"; };
		3047FE38287AD3C6002C5AA0 /* MovieDetailsWireframe.swift */ = {isa = PBXFileReference; lastKnownFileType = sourcecode.swift; path = MovieDetailsWireframe.swift; sourceTree = "<group>"; };
		3047FE3F287AD3D2002C5AA0 /* MainScreenInterfaces.swift */ = {isa = PBXFileReference; lastKnownFileType = sourcecode.swift; path = MainScreenInterfaces.swift; sourceTree = "<group>"; };
		3047FE40287AD3D2002C5AA0 /* MainScreenPresenter.swift */ = {isa = PBXFileReference; lastKnownFileType = sourcecode.swift; path = MainScreenPresenter.swift; sourceTree = "<group>"; };
		3047FE41287AD3D2002C5AA0 /* MainScreenViewController.swift */ = {isa = PBXFileReference; lastKnownFileType = sourcecode.swift; path = MainScreenViewController.swift; sourceTree = "<group>"; };
		3047FE42287AD3D2002C5AA0 /* MainScreenFormatter.swift */ = {isa = PBXFileReference; lastKnownFileType = sourcecode.swift; path = MainScreenFormatter.swift; sourceTree = "<group>"; };
		3047FE43287AD3D2002C5AA0 /* MainScreenInteractor.swift */ = {isa = PBXFileReference; lastKnownFileType = sourcecode.swift; path = MainScreenInteractor.swift; sourceTree = "<group>"; };
		3047FE44287AD3D2002C5AA0 /* MainScreenWireframe.swift */ = {isa = PBXFileReference; lastKnownFileType = sourcecode.swift; path = MainScreenWireframe.swift; sourceTree = "<group>"; };
		3047FE4C287AD473002C5AA0 /* GenericLabelComponent.swift */ = {isa = PBXFileReference; lastKnownFileType = sourcecode.swift; path = GenericLabelComponent.swift; sourceTree = "<group>"; };
		3047FE4E287AD47A002C5AA0 /* GenericLabelComponentData.swift */ = {isa = PBXFileReference; lastKnownFileType = sourcecode.swift; path = GenericLabelComponentData.swift; sourceTree = "<group>"; };
		3047FE50287AD4BD002C5AA0 /* AttributedLabel.swift */ = {isa = PBXFileReference; lastKnownFileType = sourcecode.swift; path = AttributedLabel.swift; sourceTree = "<group>"; };
		3047FE55287AD900002C5AA0 /* PopularMoviesTableViewCellComponent.swift */ = {isa = PBXFileReference; lastKnownFileType = sourcecode.swift; path = PopularMoviesTableViewCellComponent.swift; sourceTree = "<group>"; };
		3047FE57287AD905002C5AA0 /* PopularMoviesTableViewCellComponentData.swift */ = {isa = PBXFileReference; lastKnownFileType = sourcecode.swift; path = PopularMoviesTableViewCellComponentData.swift; sourceTree = "<group>"; };
		3047FE5B287AD997002C5AA0 /* DataBaseComponentView.swift */ = {isa = PBXFileReference; lastKnownFileType = sourcecode.swift; path = DataBaseComponentView.swift; sourceTree = "<group>"; };
		3047FE5D287AD9B1002C5AA0 /* BaseComponentView.swift */ = {isa = PBXFileReference; lastKnownFileType = sourcecode.swift; path = BaseComponentView.swift; sourceTree = "<group>"; };
		3047FE5F287AD9D2002C5AA0 /* GenericViewType.swift */ = {isa = PBXFileReference; lastKnownFileType = sourcecode.swift; path = GenericViewType.swift; sourceTree = "<group>"; };
		3057BA58287D76F80000332D /* MoviesRepositoryInterface.swift */ = {isa = PBXFileReference; fileEncoding = 4; lastKnownFileType = sourcecode.swift; path = MoviesRepositoryInterface.swift; sourceTree = "<group>"; };
		3057BA59287D76F80000332D /* MoviesRemoteInterface.swift */ = {isa = PBXFileReference; fileEncoding = 4; lastKnownFileType = sourcecode.swift; path = MoviesRemoteInterface.swift; sourceTree = "<group>"; };
		3057BA5B287D76F80000332D /* MoviesOperationsRepository.swift */ = {isa = PBXFileReference; fileEncoding = 4; lastKnownFileType = sourcecode.swift; path = MoviesOperationsRepository.swift; sourceTree = "<group>"; };
		3057BA5D287D76F80000332D /* PopularMoviesServiceModule.swift */ = {isa = PBXFileReference; fileEncoding = 4; lastKnownFileType = sourcecode.swift; path = PopularMoviesServiceModule.swift; sourceTree = "<group>"; };
		3057BA5E287D76F80000332D /* MoviesServices.swift */ = {isa = PBXFileReference; fileEncoding = 4; lastKnownFileType = sourcecode.swift; path = MoviesServices.swift; sourceTree = "<group>"; };
		3057BA60287D76F80000332D /* MoviesRemote.swift */ = {isa = PBXFileReference; fileEncoding = 4; lastKnownFileType = sourcecode.swift; path = MoviesRemote.swift; sourceTree = "<group>"; };
		3057BA62287D76F80000332D /* Endpoints.swift */ = {isa = PBXFileReference; fileEncoding = 4; lastKnownFileType = sourcecode.swift; path = Endpoints.swift; sourceTree = "<group>"; };
		3057BA64287D76F80000332D /* GenericValueProtocol.swift */ = {isa = PBXFileReference; fileEncoding = 4; lastKnownFileType = sourcecode.swift; path = GenericValueProtocol.swift; sourceTree = "<group>"; };
		3057BA66287D76F80000332D /* HttpClientInterface.swift */ = {isa = PBXFileReference; fileEncoding = 4; lastKnownFileType = sourcecode.swift; path = HttpClientInterface.swift; sourceTree = "<group>"; };
		3057BA67287D76F80000332D /* ApiInterceptor.swift */ = {isa = PBXFileReference; fileEncoding = 4; lastKnownFileType = sourcecode.swift; path = ApiInterceptor.swift; sourceTree = "<group>"; };
		3057BA68287D76F80000332D /* EncodableExtension.swift */ = {isa = PBXFileReference; fileEncoding = 4; lastKnownFileType = sourcecode.swift; path = EncodableExtension.swift; sourceTree = "<group>"; };
		3057BA69287D76F80000332D /* ApiManager.swift */ = {isa = PBXFileReference; fileEncoding = 4; lastKnownFileType = sourcecode.swift; path = ApiManager.swift; sourceTree = "<group>"; };
		3057BA6A287D76F80000332D /* ApiEventMonitor.swift */ = {isa = PBXFileReference; fileEncoding = 4; lastKnownFileType = sourcecode.swift; path = ApiEventMonitor.swift; sourceTree = "<group>"; };
		3057BA6B287D76F80000332D /* ApiRetrier.swift */ = {isa = PBXFileReference; fileEncoding = 4; lastKnownFileType = sourcecode.swift; path = ApiRetrier.swift; sourceTree = "<group>"; };
		3057BA6C287D76F80000332D /* ApiAdapter.swift */ = {isa = PBXFileReference; fileEncoding = 4; lastKnownFileType = sourcecode.swift; path = ApiAdapter.swift; sourceTree = "<group>"; };
		3057BA6D287D76F80000332D /* ApiServiceProvider.swift */ = {isa = PBXFileReference; fileEncoding = 4; lastKnownFileType = sourcecode.swift; path = ApiServiceProvider.swift; sourceTree = "<group>"; };
		3057BA6E287D76F80000332D /* HttpHeaderFields.swift */ = {isa = PBXFileReference; fileEncoding = 4; lastKnownFileType = sourcecode.swift; path = HttpHeaderFields.swift; sourceTree = "<group>"; };
		3057BA72287D76F80000332D /* MoviesCallback.swift */ = {isa = PBXFileReference; fileEncoding = 4; lastKnownFileType = sourcecode.swift; path = MoviesCallback.swift; sourceTree = "<group>"; };
		3057BA74287D76F80000332D /* PopularMoviesRequestModel.swift */ = {isa = PBXFileReference; fileEncoding = 4; lastKnownFileType = sourcecode.swift; path = PopularMoviesRequestModel.swift; sourceTree = "<group>"; };
		3057BA75287D76F80000332D /* PopularMoviesResponseModel.swift */ = {isa = PBXFileReference; fileEncoding = 4; lastKnownFileType = sourcecode.swift; path = PopularMoviesResponseModel.swift; sourceTree = "<group>"; };
		3057BA77287D76F80000332D /* PopularMoviesUsecase.swift */ = {isa = PBXFileReference; fileEncoding = 4; lastKnownFileType = sourcecode.swift; path = PopularMoviesUsecase.swift; sourceTree = "<group>"; };
		3057BA7A287D76F80000332D /* BaseUseCase.swift */ = {isa = PBXFileReference; fileEncoding = 4; lastKnownFileType = sourcecode.swift; path = BaseUseCase.swift; sourceTree = "<group>"; };
		3057BA7B287D76F80000332D /* BaseRequest.swift */ = {isa = PBXFileReference; fileEncoding = 4; lastKnownFileType = sourcecode.swift; path = BaseRequest.swift; sourceTree = "<group>"; };
		3057BA7C287D76F80000332D /* UseCaseCallback.swift */ = {isa = PBXFileReference; fileEncoding = 4; lastKnownFileType = sourcecode.swift; path = UseCaseCallback.swift; sourceTree = "<group>"; };
		3057BA7D287D76F80000332D /* BaseResponse.swift */ = {isa = PBXFileReference; fileEncoding = 4; lastKnownFileType = sourcecode.swift; path = BaseResponse.swift; sourceTree = "<group>"; };
		3057BA7E287D76F80000332D /* UseCaseListener.swift */ = {isa = PBXFileReference; fileEncoding = 4; lastKnownFileType = sourcecode.swift; path = UseCaseListener.swift; sourceTree = "<group>"; };
		3057BA7F287D76F80000332D /* SingleUseCase.swift */ = {isa = PBXFileReference; fileEncoding = 4; lastKnownFileType = sourcecode.swift; path = SingleUseCase.swift; sourceTree = "<group>"; };
		3057BA80287D76F80000332D /* UseCaseCallbackInteractor.swift */ = {isa = PBXFileReference; fileEncoding = 4; lastKnownFileType = sourcecode.swift; path = UseCaseCallbackInteractor.swift; sourceTree = "<group>"; };
		3057BA82287D76F80000332D /* CodableDataProtocol.swift */ = {isa = PBXFileReference; fileEncoding = 4; lastKnownFileType = sourcecode.swift; path = CodableDataProtocol.swift; sourceTree = "<group>"; };
		3057BA83287D76F80000332D /* BaseUseCaseInterface.swift */ = {isa = PBXFileReference; fileEncoding = 4; lastKnownFileType = sourcecode.swift; path = BaseUseCaseInterface.swift; sourceTree = "<group>"; };
		3057BA84287D76F80000332D /* BaseResponseProtocol.swift */ = {isa = PBXFileReference; fileEncoding = 4; lastKnownFileType = sourcecode.swift; path = BaseResponseProtocol.swift; sourceTree = "<group>"; };
		3057BA86287D76F80000332D /* BaseUseCaseExtension.swift */ = {isa = PBXFileReference; fileEncoding = 4; lastKnownFileType = sourcecode.swift; path = BaseUseCaseExtension.swift; sourceTree = "<group>"; };
		3057BA88287D76F80000332D /* GenericErrorResponseModule.swift */ = {isa = PBXFileReference; fileEncoding = 4; lastKnownFileType = sourcecode.swift; path = GenericErrorResponseModule.swift; sourceTree = "<group>"; };
		3057BA89287D76F80000332D /* BaseErrorResponse.swift */ = {isa = PBXFileReference; fileEncoding = 4; lastKnownFileType = sourcecode.swift; path = BaseErrorResponse.swift; sourceTree = "<group>"; };
		3057BA8A287D76F80000332D /* ApiConnectionErrorType.swift */ = {isa = PBXFileReference; fileEncoding = 4; lastKnownFileType = sourcecode.swift; path = ApiConnectionErrorType.swift; sourceTree = "<group>"; };
		306BD49E287DAD3700B8A4F1 /* ListLoadingState.swift */ = {isa = PBXFileReference; lastKnownFileType = sourcecode.swift; path = ListLoadingState.swift; sourceTree = "<group>"; };
		30BCC060287DBE700003EF5A /* ColorAsset.swift */ = {isa = PBXFileReference; lastKnownFileType = sourcecode.swift; path = ColorAsset.swift; sourceTree = "<group>"; };
		30D1A332287AE6AE009F77D7 /* BaseTableViewCell.swift */ = {isa = PBXFileReference; lastKnownFileType = sourcecode.swift; path = BaseTableViewCell.swift; sourceTree = "<group>"; };
		30D1A336287AE6D1009F77D7 /* UITableView+Extension.swift */ = {isa = PBXFileReference; lastKnownFileType = sourcecode.swift; path = "UITableView+Extension.swift"; sourceTree = "<group>"; };
		30D1A338287AE748009F77D7 /* GenericTableViewCell.swift */ = {isa = PBXFileReference; lastKnownFileType = sourcecode.swift; path = GenericTableViewCell.swift; sourceTree = "<group>"; };
		30D1A33B287AE978009F77D7 /* CellViewComponent.swift */ = {isa = PBXFileReference; lastKnownFileType = sourcecode.swift; path = CellViewComponent.swift; sourceTree = "<group>"; };
		30D1A33D287AE98D009F77D7 /* CellViewComponentData.swift */ = {isa = PBXFileReference; lastKnownFileType = sourcecode.swift; path = CellViewComponentData.swift; sourceTree = "<group>"; };
		30D1A347287AF931009F77D7 /* GenericDataProtocol.swift */ = {isa = PBXFileReference; lastKnownFileType = sourcecode.swift; path = GenericDataProtocol.swift; sourceTree = "<group>"; };
		30D1A34A287AF97A009F77D7 /* LoadingCellComponent.swift */ = {isa = PBXFileReference; lastKnownFileType = sourcecode.swift; path = LoadingCellComponent.swift; sourceTree = "<group>"; };
		30D4D954287D640500A9733E /* ApiProviderServiceAssembly.swift */ = {isa = PBXFileReference; fileEncoding = 4; lastKnownFileType = sourcecode.swift; path = ApiProviderServiceAssembly.swift; sourceTree = "<group>"; };
		30D4D955287D640500A9733E /* ManagerAssembly.swift */ = {isa = PBXFileReference; fileEncoding = 4; lastKnownFileType = sourcecode.swift; path = ManagerAssembly.swift; sourceTree = "<group>"; };
		30D4D956287D640500A9733E /* ApiRemoteAssembly.swift */ = {isa = PBXFileReference; fileEncoding = 4; lastKnownFileType = sourcecode.swift; path = ApiRemoteAssembly.swift; sourceTree = "<group>"; };
		30D4D957287D640500A9733E /* AssemblerExtension.swift */ = {isa = PBXFileReference; fileEncoding = 4; lastKnownFileType = sourcecode.swift; path = AssemblerExtension.swift; sourceTree = "<group>"; };
		30D4D958287D640500A9733E /* RepositoryAssembly.swift */ = {isa = PBXFileReference; fileEncoding = 4; lastKnownFileType = sourcecode.swift; path = RepositoryAssembly.swift; sourceTree = "<group>"; };
		30D4D959287D640500A9733E /* UsecaseAssembly.swift */ = {isa = PBXFileReference; fileEncoding = 4; lastKnownFileType = sourcecode.swift; path = UsecaseAssembly.swift; sourceTree = "<group>"; };
		30D4D960287D64C900A9733E /* AssemblerWireframeInteractorProtocol.swift */ = {isa = PBXFileReference; lastKnownFileType = sourcecode.swift; path = AssemblerWireframeInteractorProtocol.swift; sourceTree = "<group>"; };
		30E49C70287EA43200E10518 /* SearchRepositoryInterface.swift */ = {isa = PBXFileReference; fileEncoding = 4; lastKnownFileType = sourcecode.swift; path = SearchRepositoryInterface.swift; sourceTree = "<group>"; };
		30E49C71287EA43200E10518 /* SearchRemoteInterface.swift */ = {isa = PBXFileReference; fileEncoding = 4; lastKnownFileType = sourcecode.swift; path = SearchRemoteInterface.swift; sourceTree = "<group>"; };
		30E49C73287EA43200E10518 /* SearchOperationsRepository.swift */ = {isa = PBXFileReference; fileEncoding = 4; lastKnownFileType = sourcecode.swift; path = SearchOperationsRepository.swift; sourceTree = "<group>"; };
		30E49C75287EA43200E10518 /* SearchOperationsRemote.swift */ = {isa = PBXFileReference; fileEncoding = 4; lastKnownFileType = sourcecode.swift; path = SearchOperationsRemote.swift; sourceTree = "<group>"; };
		30E49C77287EA43200E10518 /* MultipleSearchServiceModule.swift */ = {isa = PBXFileReference; fileEncoding = 4; lastKnownFileType = sourcecode.swift; path = MultipleSearchServiceModule.swift; sourceTree = "<group>"; };
		30E49C78287EA43200E10518 /* SearchServices.swift */ = {isa = PBXFileReference; fileEncoding = 4; lastKnownFileType = sourcecode.swift; path = SearchServices.swift; sourceTree = "<group>"; };
		30E49C80287EA43E00E10518 /* SearchCallback.swift */ = {isa = PBXFileReference; fileEncoding = 4; lastKnownFileType = sourcecode.swift; path = SearchCallback.swift; sourceTree = "<group>"; };
		30E49C82287EA43E00E10518 /* SearchRequestModel.swift */ = {isa = PBXFileReference; fileEncoding = 4; lastKnownFileType = sourcecode.swift; path = SearchRequestModel.swift; sourceTree = "<group>"; };
		30E49C83287EA43E00E10518 /* SearchResponseModel.swift */ = {isa = PBXFileReference; fileEncoding = 4; lastKnownFileType = sourcecode.swift; path = SearchResponseModel.swift; sourceTree = "<group>"; };
		30E49C85287EA43E00E10518 /* MultipleSearchUsecase.swift */ = {isa = PBXFileReference; fileEncoding = 4; lastKnownFileType = sourcecode.swift; path = MultipleSearchUsecase.swift; sourceTree = "<group>"; };
		30E768F828804115003E321F /* TableViewCell.swift */ = {isa = PBXFileReference; lastKnownFileType = sourcecode.swift; path = TableViewCell.swift; sourceTree = "<group>"; };
/* End PBXFileReference section */

/* Begin PBXFrameworksBuildPhase section */
		3047FDC4287AD258002C5AA0 /* Frameworks */ = {
			isa = PBXFrameworksBuildPhase;
			buildActionMask = 2147483647;
			files = (
			);
			runOnlyForDeploymentPostprocessing = 0;
		};
		3047FDDA287AD25B002C5AA0 /* Frameworks */ = {
			isa = PBXFrameworksBuildPhase;
			buildActionMask = 2147483647;
			files = (
			);
			runOnlyForDeploymentPostprocessing = 0;
		};
		3047FDE4287AD25B002C5AA0 /* Frameworks */ = {
			isa = PBXFrameworksBuildPhase;
			buildActionMask = 2147483647;
			files = (
			);
			runOnlyForDeploymentPostprocessing = 0;
		};
/* End PBXFrameworksBuildPhase section */

/* Begin PBXGroup section */
		1F93DF5BF8B3CF667C940509 /* Pods */ = {
			isa = PBXGroup;
			children = (
			);
			path = Pods;
			sourceTree = "<group>";
		};
		302EEA27287DD97400D0BFE2 /* SearchBarComponent */ = {
			isa = PBXGroup;
			children = (
				302EEA28287DD98A00D0BFE2 /* SearchBarComponent.swift */,
				302EEA2A287DD99500D0BFE2 /* SearchBarComponentData.swift */,
				302EEA2C287DE1BE00D0BFE2 /* SearchBarComponentDelegate.swift */,
			);
			path = SearchBarComponent;
			sourceTree = "<group>";
		};
		302EEA2E287EA32D00D0BFE2 /* Search */ = {
			isa = PBXGroup;
			children = (
				30E49C6F287EA43200E10518 /* Interface */,
				30E49C74287EA43200E10518 /* Remote */,
				30E49C72287EA43200E10518 /* Repositories */,
				30E49C76287EA43200E10518 /* ServiceModules */,
			);
			path = Search;
			sourceTree = "<group>";
		};
		302EEA2F287EA38200D0BFE2 /* Searching */ = {
			isa = PBXGroup;
			children = (
				30E49C7F287EA43E00E10518 /* Callbacks */,
				30E49C81287EA43E00E10518 /* Models */,
				30E49C84287EA43E00E10518 /* Usecases */,
			);
			path = Searching;
			sourceTree = "<group>";
		};
		3047FDBE287AD258002C5AA0 = {
			isa = PBXGroup;
			children = (
				3047FDC9287AD258002C5AA0 /* MoviesApp */,
				3047FDE0287AD25B002C5AA0 /* MoviesAppTests */,
				3047FDEA287AD25B002C5AA0 /* MoviesAppUITests */,
				3047FDC8287AD258002C5AA0 /* Products */,
				1F93DF5BF8B3CF667C940509 /* Pods */,
				56210750204787A429C128E5 /* Frameworks */,
			);
			sourceTree = "<group>";
		};
		3047FDC8287AD258002C5AA0 /* Products */ = {
			isa = PBXGroup;
			children = (
				3047FDC7287AD258002C5AA0 /* MoviesApp.app */,
				3047FDDD287AD25B002C5AA0 /* MoviesAppTests.xctest */,
				3047FDE7287AD25B002C5AA0 /* MoviesAppUITests.xctest */,
			);
			name = Products;
			sourceTree = "<group>";
		};
		3047FDC9287AD258002C5AA0 /* MoviesApp */ = {
			isa = PBXGroup;
			children = (
				3047FDFA287AD2F8002C5AA0 /* Presentation */,
				3057BA54287D76CC0000332D /* NetworkLayer */,
				306BD49C287DAD2500B8A4F1 /* SupportingFiles */,
				3047FE5A287AD95C002C5AA0 /* BaseUIComponentModules */,
				3047FDFE287AD332002C5AA0 /* DependencyInjection */,
				3047FDFB287AD305002C5AA0 /* UIComponents */,
				3047FE0E287AD396002C5AA0 /* BaseViperModules */,
				30D1A334287AE6BB009F77D7 /* Utilities */,
				3047FDCA287AD258002C5AA0 /* AppDelegate.swift */,
				3047FDCE287AD258002C5AA0 /* ViewController.swift */,
				3047FDD3287AD25A002C5AA0 /* Assets.xcassets */,
				3047FDD5287AD25A002C5AA0 /* LaunchScreen.storyboard */,
				3047FDD8287AD25A002C5AA0 /* Info.plist */,
			);
			path = MoviesApp;
			sourceTree = "<group>";
		};
		3047FDE0287AD25B002C5AA0 /* MoviesAppTests */ = {
			isa = PBXGroup;
			children = (
				3047FDE1287AD25B002C5AA0 /* MoviesAppTests.swift */,
			);
			path = MoviesAppTests;
			sourceTree = "<group>";
		};
		3047FDEA287AD25B002C5AA0 /* MoviesAppUITests */ = {
			isa = PBXGroup;
			children = (
				3047FDEB287AD25B002C5AA0 /* MoviesAppUITests.swift */,
				3047FDED287AD25B002C5AA0 /* MoviesAppUITestsLaunchTests.swift */,
			);
			path = MoviesAppUITests;
			sourceTree = "<group>";
		};
		3047FDFA287AD2F8002C5AA0 /* Presentation */ = {
			isa = PBXGroup;
			children = (
				3047FDFF287AD352002C5AA0 /* MainScreen */,
				3047FE01287AD35F002C5AA0 /* PersonDetailsScreen */,
				3047FE00287AD359002C5AA0 /* MovieDetailsScreen */,
			);
			path = Presentation;
			sourceTree = "<group>";
		};
		3047FDFB287AD305002C5AA0 /* UIComponents */ = {
			isa = PBXGroup;
			children = (
				30E49C9128803FD300E10518 /* SearchBarCellComponent */,
				302EEA27287DD97400D0BFE2 /* SearchBarComponent */,
				30D1A349287AF96D009F77D7 /* LoadingCellComponent */,
				30D1A33F287AF472009F77D7 /* PopularMoviesListComponent */,
				3047FE4B287AD45B002C5AA0 /* GenericLabelComponent */,
			);
			path = UIComponents;
			sourceTree = "<group>";
		};
		3047FDFE287AD332002C5AA0 /* DependencyInjection */ = {
			isa = PBXGroup;
			children = (
				30D4D954287D640500A9733E /* ApiProviderServiceAssembly.swift */,
				30D4D956287D640500A9733E /* ApiRemoteAssembly.swift */,
				30D4D957287D640500A9733E /* AssemblerExtension.swift */,
				30D4D955287D640500A9733E /* ManagerAssembly.swift */,
				30D4D958287D640500A9733E /* RepositoryAssembly.swift */,
				30D4D959287D640500A9733E /* UsecaseAssembly.swift */,
			);
			path = DependencyInjection;
			sourceTree = "<group>";
		};
		3047FDFF287AD352002C5AA0 /* MainScreen */ = {
			isa = PBXGroup;
			children = (
				3047FE3F287AD3D2002C5AA0 /* MainScreenInterfaces.swift */,
				3047FE40287AD3D2002C5AA0 /* MainScreenPresenter.swift */,
				3047FE41287AD3D2002C5AA0 /* MainScreenViewController.swift */,
				3047FE42287AD3D2002C5AA0 /* MainScreenFormatter.swift */,
				3047FE43287AD3D2002C5AA0 /* MainScreenInteractor.swift */,
				3047FE44287AD3D2002C5AA0 /* MainScreenWireframe.swift */,
				30E768F828804115003E321F /* TableViewCell.swift */,
			);
			path = MainScreen;
			sourceTree = "<group>";
		};
		3047FE00287AD359002C5AA0 /* MovieDetailsScreen */ = {
			isa = PBXGroup;
			children = (
				3047FE33287AD3C6002C5AA0 /* MovieDetailsInterfaces.swift */,
				3047FE34287AD3C6002C5AA0 /* MovieDetailsPresenter.swift */,
				3047FE35287AD3C6002C5AA0 /* MovieDetailsViewController.swift */,
				3047FE36287AD3C6002C5AA0 /* MovieDetailsFormatter.swift */,
				3047FE37287AD3C6002C5AA0 /* MovieDetailsInteractor.swift */,
				3047FE38287AD3C6002C5AA0 /* MovieDetailsWireframe.swift */,
			);
			path = MovieDetailsScreen;
			sourceTree = "<group>";
		};
		3047FE01287AD35F002C5AA0 /* PersonDetailsScreen */ = {
			isa = PBXGroup;
			children = (
				3047FE27287AD3BB002C5AA0 /* PersonDetailsInterfaces.swift */,
				3047FE28287AD3BB002C5AA0 /* PersonDetailsPresenter.swift */,
				3047FE29287AD3BB002C5AA0 /* PersonDetailsViewController.swift */,
				3047FE2A287AD3BB002C5AA0 /* PersonDetailsFormatter.swift */,
				3047FE2B287AD3BB002C5AA0 /* PersonDetailsInteractor.swift */,
				3047FE2C287AD3BB002C5AA0 /* PersonDetailsWireframe.swift */,
			);
			path = PersonDetailsScreen;
			sourceTree = "<group>";
		};
		3047FE0E287AD396002C5AA0 /* BaseViperModules */ = {
			isa = PBXGroup;
			children = (
				3047FE0F287AD3A1002C5AA0 /* BaseWireframe.swift */,
				3047FE10287AD3A1002C5AA0 /* FormatterInterface.swift */,
				3047FE11287AD3A1002C5AA0 /* UIStoryboardExtension.swift */,
				3047FE12287AD3A1002C5AA0 /* PresenterInterface.swift */,
				3047FE13287AD3A1002C5AA0 /* ViewInterface.swift */,
				3047FE14287AD3A1002C5AA0 /* InteractorInterface.swift */,
				30D4D960287D64C900A9733E /* AssemblerWireframeInteractorProtocol.swift */,
			);
			path = BaseViperModules;
			sourceTree = "<group>";
		};
		3047FE4B287AD45B002C5AA0 /* GenericLabelComponent */ = {
			isa = PBXGroup;
			children = (
				3047FE4C287AD473002C5AA0 /* GenericLabelComponent.swift */,
				3047FE4E287AD47A002C5AA0 /* GenericLabelComponentData.swift */,
				3047FE50287AD4BD002C5AA0 /* AttributedLabel.swift */,
			);
			path = GenericLabelComponent;
			sourceTree = "<group>";
		};
		3047FE52287AD527002C5AA0 /* PopularMoviesTableViewCellComponent */ = {
			isa = PBXGroup;
			children = (
				3047FE55287AD900002C5AA0 /* PopularMoviesTableViewCellComponent.swift */,
				3047FE57287AD905002C5AA0 /* PopularMoviesTableViewCellComponentData.swift */,
			);
			path = PopularMoviesTableViewCellComponent;
			sourceTree = "<group>";
		};
		3047FE5A287AD95C002C5AA0 /* BaseUIComponentModules */ = {
			isa = PBXGroup;
			children = (
				3047FE5B287AD997002C5AA0 /* DataBaseComponentView.swift */,
				3047FE5D287AD9B1002C5AA0 /* BaseComponentView.swift */,
				3047FE5F287AD9D2002C5AA0 /* GenericViewType.swift */,
				30D1A332287AE6AE009F77D7 /* BaseTableViewCell.swift */,
				30D1A338287AE748009F77D7 /* GenericTableViewCell.swift */,
			);
			path = BaseUIComponentModules;
			sourceTree = "<group>";
		};
		3057BA54287D76CC0000332D /* NetworkLayer */ = {
			isa = PBXGroup;
			children = (
				3057BA65287D76F80000332D /* ApiLayers */,
				3057BA63287D76F80000332D /* BaseModules */,
				3057BA55287D76F80000332D /* DataLayer */,
				3057BA6F287D76F80000332D /* DomainLayer */,
			);
			path = NetworkLayer;
			sourceTree = "<group>";
		};
		3057BA55287D76F80000332D /* DataLayer */ = {
			isa = PBXGroup;
			children = (
				302EEA2E287EA32D00D0BFE2 /* Search */,
				3057BA56287D76F80000332D /* Movies */,
				3057BA61287D76F80000332D /* Endpoints */,
			);
			path = DataLayer;
			sourceTree = "<group>";
		};
		3057BA56287D76F80000332D /* Movies */ = {
			isa = PBXGroup;
			children = (
				3057BA57287D76F80000332D /* Interface */,
				3057BA5A287D76F80000332D /* Repositories */,
				3057BA5C287D76F80000332D /* ServiceModules */,
				3057BA5F287D76F80000332D /* Remote */,
			);
			path = Movies;
			sourceTree = "<group>";
		};
		3057BA57287D76F80000332D /* Interface */ = {
			isa = PBXGroup;
			children = (
				3057BA58287D76F80000332D /* MoviesRepositoryInterface.swift */,
				3057BA59287D76F80000332D /* MoviesRemoteInterface.swift */,
			);
			path = Interface;
			sourceTree = "<group>";
		};
		3057BA5A287D76F80000332D /* Repositories */ = {
			isa = PBXGroup;
			children = (
				3057BA5B287D76F80000332D /* MoviesOperationsRepository.swift */,
			);
			path = Repositories;
			sourceTree = "<group>";
		};
		3057BA5C287D76F80000332D /* ServiceModules */ = {
			isa = PBXGroup;
			children = (
				3057BA5D287D76F80000332D /* PopularMoviesServiceModule.swift */,
				3057BA5E287D76F80000332D /* MoviesServices.swift */,
			);
			path = ServiceModules;
			sourceTree = "<group>";
		};
		3057BA5F287D76F80000332D /* Remote */ = {
			isa = PBXGroup;
			children = (
				3057BA60287D76F80000332D /* MoviesRemote.swift */,
			);
			path = Remote;
			sourceTree = "<group>";
		};
		3057BA61287D76F80000332D /* Endpoints */ = {
			isa = PBXGroup;
			children = (
				3057BA62287D76F80000332D /* Endpoints.swift */,
			);
			path = Endpoints;
			sourceTree = "<group>";
		};
		3057BA63287D76F80000332D /* BaseModules */ = {
			isa = PBXGroup;
			children = (
				3057BA64287D76F80000332D /* GenericValueProtocol.swift */,
			);
			path = BaseModules;
			sourceTree = "<group>";
		};
		3057BA65287D76F80000332D /* ApiLayers */ = {
			isa = PBXGroup;
			children = (
				3057BA66287D76F80000332D /* HttpClientInterface.swift */,
				3057BA67287D76F80000332D /* ApiInterceptor.swift */,
				3057BA68287D76F80000332D /* EncodableExtension.swift */,
				3057BA69287D76F80000332D /* ApiManager.swift */,
				3057BA6A287D76F80000332D /* ApiEventMonitor.swift */,
				3057BA6B287D76F80000332D /* ApiRetrier.swift */,
				3057BA6C287D76F80000332D /* ApiAdapter.swift */,
				3057BA6D287D76F80000332D /* ApiServiceProvider.swift */,
				3057BA6E287D76F80000332D /* HttpHeaderFields.swift */,
			);
			path = ApiLayers;
			sourceTree = "<group>";
		};
		3057BA6F287D76F80000332D /* DomainLayer */ = {
			isa = PBXGroup;
			children = (
				302EEA2F287EA38200D0BFE2 /* Searching */,
				3057BA70287D76F80000332D /* Movies */,
				3057BA78287D76F80000332D /* SupportingFiles */,
			);
			path = DomainLayer;
			sourceTree = "<group>";
		};
		3057BA70287D76F80000332D /* Movies */ = {
			isa = PBXGroup;
			children = (
				3057BA71287D76F80000332D /* Callbacks */,
				3057BA73287D76F80000332D /* Models */,
				3057BA76287D76F80000332D /* Usecases */,
			);
			path = Movies;
			sourceTree = "<group>";
		};
		3057BA71287D76F80000332D /* Callbacks */ = {
			isa = PBXGroup;
			children = (
				3057BA72287D76F80000332D /* MoviesCallback.swift */,
			);
			path = Callbacks;
			sourceTree = "<group>";
		};
		3057BA73287D76F80000332D /* Models */ = {
			isa = PBXGroup;
			children = (
				3057BA74287D76F80000332D /* PopularMoviesRequestModel.swift */,
				3057BA75287D76F80000332D /* PopularMoviesResponseModel.swift */,
			);
			path = Models;
			sourceTree = "<group>";
		};
		3057BA76287D76F80000332D /* Usecases */ = {
			isa = PBXGroup;
			children = (
				3057BA77287D76F80000332D /* PopularMoviesUsecase.swift */,
			);
			path = Usecases;
			sourceTree = "<group>";
		};
		3057BA78287D76F80000332D /* SupportingFiles */ = {
			isa = PBXGroup;
			children = (
				3057BA79287D76F80000332D /* BaseClasses */,
				3057BA81287D76F80000332D /* BaseProtocols */,
				3057BA85287D76F80000332D /* Extensions */,
				3057BA87287D76F80000332D /* BaseModels */,
			);
			path = SupportingFiles;
			sourceTree = "<group>";
		};
		3057BA79287D76F80000332D /* BaseClasses */ = {
			isa = PBXGroup;
			children = (
				3057BA7A287D76F80000332D /* BaseUseCase.swift */,
				3057BA7B287D76F80000332D /* BaseRequest.swift */,
				3057BA7C287D76F80000332D /* UseCaseCallback.swift */,
				3057BA7D287D76F80000332D /* BaseResponse.swift */,
				3057BA7E287D76F80000332D /* UseCaseListener.swift */,
				3057BA7F287D76F80000332D /* SingleUseCase.swift */,
				3057BA80287D76F80000332D /* UseCaseCallbackInteractor.swift */,
			);
			path = BaseClasses;
			sourceTree = "<group>";
		};
		3057BA81287D76F80000332D /* BaseProtocols */ = {
			isa = PBXGroup;
			children = (
				3057BA82287D76F80000332D /* CodableDataProtocol.swift */,
				3057BA83287D76F80000332D /* BaseUseCaseInterface.swift */,
				3057BA84287D76F80000332D /* BaseResponseProtocol.swift */,
			);
			path = BaseProtocols;
			sourceTree = "<group>";
		};
		3057BA85287D76F80000332D /* Extensions */ = {
			isa = PBXGroup;
			children = (
				3057BA86287D76F80000332D /* BaseUseCaseExtension.swift */,
			);
			path = Extensions;
			sourceTree = "<group>";
		};
		3057BA87287D76F80000332D /* BaseModels */ = {
			isa = PBXGroup;
			children = (
				3057BA88287D76F80000332D /* GenericErrorResponseModule.swift */,
				3057BA89287D76F80000332D /* BaseErrorResponse.swift */,
				3057BA8A287D76F80000332D /* ApiConnectionErrorType.swift */,
			);
			path = BaseModels;
			sourceTree = "<group>";
		};
		306BD49C287DAD2500B8A4F1 /* SupportingFiles */ = {
			isa = PBXGroup;
			children = (
				306BD49D287DAD2A00B8A4F1 /* Enums */,
				30BCC060287DBE700003EF5A /* ColorAsset.swift */,
			);
			path = SupportingFiles;
			sourceTree = "<group>";
		};
		306BD49D287DAD2A00B8A4F1 /* Enums */ = {
			isa = PBXGroup;
			children = (
				306BD49E287DAD3700B8A4F1 /* ListLoadingState.swift */,
			);
			path = Enums;
			sourceTree = "<group>";
		};
		30D1A334287AE6BB009F77D7 /* Utilities */ = {
			isa = PBXGroup;
			children = (
				30D1A346287AF924009F77D7 /* Protocols */,
				30D1A335287AE6C2009F77D7 /* Extensions */,
			);
			path = Utilities;
			sourceTree = "<group>";
		};
		30D1A335287AE6C2009F77D7 /* Extensions */ = {
			isa = PBXGroup;
			children = (
				30D1A336287AE6D1009F77D7 /* UITableView+Extension.swift */,
			);
			path = Extensions;
			sourceTree = "<group>";
		};
		30D1A33A287AE961009F77D7 /* PopularMoviesComponent */ = {
			isa = PBXGroup;
			children = (
				30D1A33B287AE978009F77D7 /* CellViewComponent.swift */,
				30D1A33D287AE98D009F77D7 /* CellViewComponentData.swift */,
			);
			path = PopularMoviesComponent;
			sourceTree = "<group>";
		};
		30D1A33F287AF472009F77D7 /* PopularMoviesListComponent */ = {
			isa = PBXGroup;
			children = (
				30D1A33A287AE961009F77D7 /* PopularMoviesComponent */,
				3047FE52287AD527002C5AA0 /* PopularMoviesTableViewCellComponent */,
			);
			path = PopularMoviesListComponent;
			sourceTree = "<group>";
		};
		30D1A346287AF924009F77D7 /* Protocols */ = {
			isa = PBXGroup;
			children = (
				30D1A347287AF931009F77D7 /* GenericDataProtocol.swift */,
			);
			path = Protocols;
			sourceTree = "<group>";
		};
		30D1A349287AF96D009F77D7 /* LoadingCellComponent */ = {
			isa = PBXGroup;
			children = (
				30D1A34A287AF97A009F77D7 /* LoadingCellComponent.swift */,
			);
			path = LoadingCellComponent;
			sourceTree = "<group>";
		};
		30E49C6F287EA43200E10518 /* Interface */ = {
			isa = PBXGroup;
			children = (
				30E49C70287EA43200E10518 /* SearchRepositoryInterface.swift */,
				30E49C71287EA43200E10518 /* SearchRemoteInterface.swift */,
			);
			path = Interface;
			sourceTree = "<group>";
		};
		30E49C72287EA43200E10518 /* Repositories */ = {
			isa = PBXGroup;
			children = (
				30E49C73287EA43200E10518 /* SearchOperationsRepository.swift */,
			);
			path = Repositories;
			sourceTree = "<group>";
		};
		30E49C74287EA43200E10518 /* Remote */ = {
			isa = PBXGroup;
			children = (
				30E49C75287EA43200E10518 /* SearchOperationsRemote.swift */,
			);
			path = Remote;
			sourceTree = "<group>";
		};
		30E49C76287EA43200E10518 /* ServiceModules */ = {
			isa = PBXGroup;
			children = (
				30E49C77287EA43200E10518 /* MultipleSearchServiceModule.swift */,
				30E49C78287EA43200E10518 /* SearchServices.swift */,
			);
			path = ServiceModules;
			sourceTree = "<group>";
		};
		30E49C7F287EA43E00E10518 /* Callbacks */ = {
			isa = PBXGroup;
			children = (
				30E49C80287EA43E00E10518 /* SearchCallback.swift */,
			);
			path = Callbacks;
			sourceTree = "<group>";
		};
		30E49C81287EA43E00E10518 /* Models */ = {
			isa = PBXGroup;
			children = (
				30E49C82287EA43E00E10518 /* SearchRequestModel.swift */,
				30E49C83287EA43E00E10518 /* SearchResponseModel.swift */,
			);
			path = Models;
			sourceTree = "<group>";
		};
		30E49C84287EA43E00E10518 /* Usecases */ = {
			isa = PBXGroup;
			children = (
				30E49C85287EA43E00E10518 /* MultipleSearchUsecase.swift */,
			);
			path = Usecases;
			sourceTree = "<group>";
		};
		30E49C9128803FD300E10518 /* SearchBarCellComponent */ = {
			isa = PBXGroup;
			children = (
			);
			path = SearchBarCellComponent;
			sourceTree = "<group>";
		};
		56210750204787A429C128E5 /* Frameworks */ = {
			isa = PBXGroup;
			children = (
				300EFF6E287C62AB00EDB2C4 /* NetworkService.framework */,
			);
			name = Frameworks;
			sourceTree = "<group>";
		};
/* End PBXGroup section */

/* Begin PBXNativeTarget section */
		3047FDC6287AD258002C5AA0 /* MoviesApp */ = {
			isa = PBXNativeTarget;
			buildConfigurationList = 3047FDF1287AD25B002C5AA0 /* Build configuration list for PBXNativeTarget "MoviesApp" */;
			buildPhases = (
				3047FDC3287AD258002C5AA0 /* Sources */,
				3047FDC4287AD258002C5AA0 /* Frameworks */,
				3047FDC5287AD258002C5AA0 /* Resources */,
			);
			buildRules = (
			);
			dependencies = (
			);
			name = MoviesApp;
			productName = MoviesApp;
			productReference = 3047FDC7287AD258002C5AA0 /* MoviesApp.app */;
			productType = "com.apple.product-type.application";
		};
		3047FDDC287AD25B002C5AA0 /* MoviesAppTests */ = {
			isa = PBXNativeTarget;
			buildConfigurationList = 3047FDF4287AD25B002C5AA0 /* Build configuration list for PBXNativeTarget "MoviesAppTests" */;
			buildPhases = (
				3047FDD9287AD25B002C5AA0 /* Sources */,
				3047FDDA287AD25B002C5AA0 /* Frameworks */,
				3047FDDB287AD25B002C5AA0 /* Resources */,
			);
			buildRules = (
			);
			dependencies = (
				3047FDDF287AD25B002C5AA0 /* PBXTargetDependency */,
			);
			name = MoviesAppTests;
			productName = MoviesAppTests;
			productReference = 3047FDDD287AD25B002C5AA0 /* MoviesAppTests.xctest */;
			productType = "com.apple.product-type.bundle.unit-test";
		};
		3047FDE6287AD25B002C5AA0 /* MoviesAppUITests */ = {
			isa = PBXNativeTarget;
			buildConfigurationList = 3047FDF7287AD25B002C5AA0 /* Build configuration list for PBXNativeTarget "MoviesAppUITests" */;
			buildPhases = (
				3047FDE3287AD25B002C5AA0 /* Sources */,
				3047FDE4287AD25B002C5AA0 /* Frameworks */,
				3047FDE5287AD25B002C5AA0 /* Resources */,
			);
			buildRules = (
			);
			dependencies = (
				3047FDE9287AD25B002C5AA0 /* PBXTargetDependency */,
			);
			name = MoviesAppUITests;
			productName = MoviesAppUITests;
			productReference = 3047FDE7287AD25B002C5AA0 /* MoviesAppUITests.xctest */;
			productType = "com.apple.product-type.bundle.ui-testing";
		};
/* End PBXNativeTarget section */

/* Begin PBXProject section */
		3047FDBF287AD258002C5AA0 /* Project object */ = {
			isa = PBXProject;
			attributes = {
				BuildIndependentTargetsInParallel = 1;
				LastSwiftUpdateCheck = 1340;
				LastUpgradeCheck = 1340;
				TargetAttributes = {
					3047FDC6287AD258002C5AA0 = {
						CreatedOnToolsVersion = 13.4;
					};
					3047FDDC287AD25B002C5AA0 = {
						CreatedOnToolsVersion = 13.4;
						TestTargetID = 3047FDC6287AD258002C5AA0;
					};
					3047FDE6287AD25B002C5AA0 = {
						CreatedOnToolsVersion = 13.4;
						TestTargetID = 3047FDC6287AD258002C5AA0;
					};
				};
			};
			buildConfigurationList = 3047FDC2287AD258002C5AA0 /* Build configuration list for PBXProject "MoviesApp" */;
			compatibilityVersion = "Xcode 13.0";
			developmentRegion = en;
			hasScannedForEncodings = 0;
			knownRegions = (
				en,
				Base,
			);
			mainGroup = 3047FDBE287AD258002C5AA0;
			productRefGroup = 3047FDC8287AD258002C5AA0 /* Products */;
			projectDirPath = "";
			projectRoot = "";
			targets = (
				3047FDC6287AD258002C5AA0 /* MoviesApp */,
				3047FDDC287AD25B002C5AA0 /* MoviesAppTests */,
				3047FDE6287AD25B002C5AA0 /* MoviesAppUITests */,
			);
		};
/* End PBXProject section */

/* Begin PBXResourcesBuildPhase section */
		3047FDC5287AD258002C5AA0 /* Resources */ = {
			isa = PBXResourcesBuildPhase;
			buildActionMask = 2147483647;
			files = (
				3047FDD7287AD25A002C5AA0 /* LaunchScreen.storyboard in Resources */,
				3047FDD4287AD25A002C5AA0 /* Assets.xcassets in Resources */,
			);
			runOnlyForDeploymentPostprocessing = 0;
		};
		3047FDDB287AD25B002C5AA0 /* Resources */ = {
			isa = PBXResourcesBuildPhase;
			buildActionMask = 2147483647;
			files = (
			);
			runOnlyForDeploymentPostprocessing = 0;
		};
		3047FDE5287AD25B002C5AA0 /* Resources */ = {
			isa = PBXResourcesBuildPhase;
			buildActionMask = 2147483647;
			files = (
			);
			runOnlyForDeploymentPostprocessing = 0;
		};
/* End PBXResourcesBuildPhase section */

/* Begin PBXSourcesBuildPhase section */
		3047FDC3287AD258002C5AA0 /* Sources */ = {
			isa = PBXSourcesBuildPhase;
			buildActionMask = 2147483647;
			files = (
				3057BA91287D76F80000332D /* Endpoints.swift in Sources */,
				30E49C86287EA43E00E10518 /* SearchCallback.swift in Sources */,
				3047FE3E287AD3C6002C5AA0 /* MovieDetailsWireframe.swift in Sources */,
				3057BAA1287D76F80000332D /* BaseRequest.swift in Sources */,
				3047FE49287AD3D2002C5AA0 /* MainScreenInteractor.swift in Sources */,
				3047FE31287AD3BB002C5AA0 /* PersonDetailsInteractor.swift in Sources */,
				3057BA9F287D76F80000332D /* PopularMoviesUsecase.swift in Sources */,
				3047FE39287AD3C6002C5AA0 /* MovieDetailsInterfaces.swift in Sources */,
				3057BAA2287D76F80000332D /* UseCaseCallback.swift in Sources */,
				3047FE3B287AD3C6002C5AA0 /* MovieDetailsViewController.swift in Sources */,
				3047FDCF287AD258002C5AA0 /* ViewController.swift in Sources */,
				3057BAA7287D76F80000332D /* CodableDataProtocol.swift in Sources */,
				3057BA90287D76F80000332D /* MoviesRemote.swift in Sources */,
				3057BA8F287D76F80000332D /* MoviesServices.swift in Sources */,
				3057BA8B287D76F80000332D /* MoviesRepositoryInterface.swift in Sources */,
				3057BAA4287D76F80000332D /* UseCaseListener.swift in Sources */,
				3057BA9E287D76F80000332D /* PopularMoviesResponseModel.swift in Sources */,
				3057BA96287D76F80000332D /* ApiManager.swift in Sources */,
				302EEA2B287DD99500D0BFE2 /* SearchBarComponentData.swift in Sources */,
				30E49C79287EA43200E10518 /* SearchRepositoryInterface.swift in Sources */,
				30D4D961287D64C900A9733E /* AssemblerWireframeInteractorProtocol.swift in Sources */,
				30D1A34B287AF97A009F77D7 /* LoadingCellComponent.swift in Sources */,
				3057BAA8287D76F80000332D /* BaseUseCaseInterface.swift in Sources */,
				30D1A348287AF931009F77D7 /* GenericDataProtocol.swift in Sources */,
				30D4D95F287D640500A9733E /* UsecaseAssembly.swift in Sources */,
				3057BA8E287D76F80000332D /* PopularMoviesServiceModule.swift in Sources */,
				30E49C88287EA43E00E10518 /* SearchResponseModel.swift in Sources */,
				3047FE48287AD3D2002C5AA0 /* MainScreenFormatter.swift in Sources */,
				30D1A337287AE6D1009F77D7 /* UITableView+Extension.swift in Sources */,
				3057BAA9287D76F80000332D /* BaseResponseProtocol.swift in Sources */,
				30D4D95B287D640500A9733E /* ManagerAssembly.swift in Sources */,
				3047FE47287AD3D2002C5AA0 /* MainScreenViewController.swift in Sources */,
				3047FE3D287AD3C6002C5AA0 /* MovieDetailsInteractor.swift in Sources */,
				3047FE30287AD3BB002C5AA0 /* PersonDetailsFormatter.swift in Sources */,
				3047FE60287AD9D2002C5AA0 /* GenericViewType.swift in Sources */,
				3057BA9C287D76F80000332D /* MoviesCallback.swift in Sources */,
				3047FE5E287AD9B1002C5AA0 /* BaseComponentView.swift in Sources */,
				3047FE2D287AD3BB002C5AA0 /* PersonDetailsInterfaces.swift in Sources */,
				30D1A333287AE6AE009F77D7 /* BaseTableViewCell.swift in Sources */,
				3047FE45287AD3D2002C5AA0 /* MainScreenInterfaces.swift in Sources */,
				3047FDCB287AD258002C5AA0 /* AppDelegate.swift in Sources */,
				3057BA99287D76F80000332D /* ApiAdapter.swift in Sources */,
				30D1A339287AE748009F77D7 /* GenericTableViewCell.swift in Sources */,
				3047FE19287AD3A1002C5AA0 /* ViewInterface.swift in Sources */,
				3047FE56287AD900002C5AA0 /* PopularMoviesTableViewCellComponent.swift in Sources */,
				3057BA8C287D76F80000332D /* MoviesRemoteInterface.swift in Sources */,
				30E49C7C287EA43200E10518 /* SearchOperationsRemote.swift in Sources */,
				30D4D95A287D640500A9733E /* ApiProviderServiceAssembly.swift in Sources */,
				3047FE16287AD3A1002C5AA0 /* FormatterInterface.swift in Sources */,
				3047FE58287AD905002C5AA0 /* PopularMoviesTableViewCellComponentData.swift in Sources */,
				30E49C89287EA43E00E10518 /* MultipleSearchUsecase.swift in Sources */,
				3047FE17287AD3A1002C5AA0 /* UIStoryboardExtension.swift in Sources */,
				3057BA9D287D76F80000332D /* PopularMoviesRequestModel.swift in Sources */,
				3057BAA3287D76F80000332D /* BaseResponse.swift in Sources */,
				3047FE46287AD3D2002C5AA0 /* MainScreenPresenter.swift in Sources */,
				3057BA9A287D76F80000332D /* ApiServiceProvider.swift in Sources */,
				30BCC061287DBE700003EF5A /* ColorAsset.swift in Sources */,
				3057BA93287D76F80000332D /* HttpClientInterface.swift in Sources */,
				3047FE4D287AD473002C5AA0 /* GenericLabelComponent.swift in Sources */,
				302EEA2D287DE1BE00D0BFE2 /* SearchBarComponentDelegate.swift in Sources */,
				3057BAA6287D76F80000332D /* UseCaseCallbackInteractor.swift in Sources */,
				3057BAA0287D76F80000332D /* BaseUseCase.swift in Sources */,
				3057BA95287D76F80000332D /* EncodableExtension.swift in Sources */,
				306BD49F287DAD3700B8A4F1 /* ListLoadingState.swift in Sources */,
				30D1A33C287AE978009F77D7 /* CellViewComponent.swift in Sources */,
				30E49C7B287EA43200E10518 /* SearchOperationsRepository.swift in Sources */,
				30E49C7E287EA43200E10518 /* SearchServices.swift in Sources */,
				3047FE1A287AD3A1002C5AA0 /* InteractorInterface.swift in Sources */,
				3057BA9B287D76F80000332D /* HttpHeaderFields.swift in Sources */,
				30D4D95D287D640500A9733E /* AssemblerExtension.swift in Sources */,
				3047FE51287AD4BD002C5AA0 /* AttributedLabel.swift in Sources */,
				3047FE4A287AD3D2002C5AA0 /* MainScreenWireframe.swift in Sources */,
				30D4D95E287D640500A9733E /* RepositoryAssembly.swift in Sources */,
				30D4D95C287D640500A9733E /* ApiRemoteAssembly.swift in Sources */,
				3047FE2F287AD3BB002C5AA0 /* PersonDetailsViewController.swift in Sources */,
				3057BAAC287D76F80000332D /* BaseErrorResponse.swift in Sources */,
				3047FE5C287AD997002C5AA0 /* DataBaseComponentView.swift in Sources */,
				3047FE32287AD3BB002C5AA0 /* PersonDetailsWireframe.swift in Sources */,
				30D1A33E287AE98D009F77D7 /* CellViewComponentData.swift in Sources */,
				3057BA97287D76F80000332D /* ApiEventMonitor.swift in Sources */,
				3057BAA5287D76F80000332D /* SingleUseCase.swift in Sources */,
				302EEA29287DD98A00D0BFE2 /* SearchBarComponent.swift in Sources */,
				3057BAAB287D76F80000332D /* GenericErrorResponseModule.swift in Sources */,
				30E49C7D287EA43200E10518 /* MultipleSearchServiceModule.swift in Sources */,
				30E49C7A287EA43200E10518 /* SearchRemoteInterface.swift in Sources */,
				3047FE3A287AD3C6002C5AA0 /* MovieDetailsPresenter.swift in Sources */,
				30E49C87287EA43E00E10518 /* SearchRequestModel.swift in Sources */,
				3057BAAD287D76F80000332D /* ApiConnectionErrorType.swift in Sources */,
				3047FE4F287AD47A002C5AA0 /* GenericLabelComponentData.swift in Sources */,
				3047FE2E287AD3BB002C5AA0 /* PersonDetailsPresenter.swift in Sources */,
				3047FE15287AD3A1002C5AA0 /* BaseWireframe.swift in Sources */,
				3057BA8D287D76F80000332D /* MoviesOperationsRepository.swift in Sources */,
				3047FE18287AD3A1002C5AA0 /* PresenterInterface.swift in Sources */,
				3047FE3C287AD3C6002C5AA0 /* MovieDetailsFormatter.swift in Sources */,
				3057BA94287D76F80000332D /* ApiInterceptor.swift in Sources */,
				3057BA98287D76F80000332D /* ApiRetrier.swift in Sources */,
				30E768F928804115003E321F /* TableViewCell.swift in Sources */,
				3057BA92287D76F80000332D /* GenericValueProtocol.swift in Sources */,
				3057BAAA287D76F80000332D /* BaseUseCaseExtension.swift in Sources */,
			);
			runOnlyForDeploymentPostprocessing = 0;
		};
		3047FDD9287AD25B002C5AA0 /* Sources */ = {
			isa = PBXSourcesBuildPhase;
			buildActionMask = 2147483647;
			files = (
				3047FDE2287AD25B002C5AA0 /* MoviesAppTests.swift in Sources */,
			);
			runOnlyForDeploymentPostprocessing = 0;
		};
		3047FDE3287AD25B002C5AA0 /* Sources */ = {
			isa = PBXSourcesBuildPhase;
			buildActionMask = 2147483647;
			files = (
				3047FDEC287AD25B002C5AA0 /* MoviesAppUITests.swift in Sources */,
				3047FDEE287AD25B002C5AA0 /* MoviesAppUITestsLaunchTests.swift in Sources */,
			);
			runOnlyForDeploymentPostprocessing = 0;
		};
/* End PBXSourcesBuildPhase section */

/* Begin PBXTargetDependency section */
		3047FDDF287AD25B002C5AA0 /* PBXTargetDependency */ = {
			isa = PBXTargetDependency;
			target = 3047FDC6287AD258002C5AA0 /* MoviesApp */;
			targetProxy = 3047FDDE287AD25B002C5AA0 /* PBXContainerItemProxy */;
		};
		3047FDE9287AD25B002C5AA0 /* PBXTargetDependency */ = {
			isa = PBXTargetDependency;
			target = 3047FDC6287AD258002C5AA0 /* MoviesApp */;
			targetProxy = 3047FDE8287AD25B002C5AA0 /* PBXContainerItemProxy */;
		};
/* End PBXTargetDependency section */

/* Begin PBXVariantGroup section */
		3047FDD5287AD25A002C5AA0 /* LaunchScreen.storyboard */ = {
			isa = PBXVariantGroup;
			children = (
				3047FDD6287AD25A002C5AA0 /* Base */,
			);
			name = LaunchScreen.storyboard;
			sourceTree = "<group>";
		};
/* End PBXVariantGroup section */

/* Begin XCBuildConfiguration section */
		3047FDEF287AD25B002C5AA0 /* Debug */ = {
			isa = XCBuildConfiguration;
			buildSettings = {
				ALWAYS_SEARCH_USER_PATHS = NO;
				CLANG_ANALYZER_NONNULL = YES;
				CLANG_ANALYZER_NUMBER_OBJECT_CONVERSION = YES_AGGRESSIVE;
				CLANG_CXX_LANGUAGE_STANDARD = "gnu++17";
				CLANG_ENABLE_MODULES = YES;
				CLANG_ENABLE_OBJC_ARC = YES;
				CLANG_ENABLE_OBJC_WEAK = YES;
				CLANG_WARN_BLOCK_CAPTURE_AUTORELEASING = YES;
				CLANG_WARN_BOOL_CONVERSION = YES;
				CLANG_WARN_COMMA = YES;
				CLANG_WARN_CONSTANT_CONVERSION = YES;
				CLANG_WARN_DEPRECATED_OBJC_IMPLEMENTATIONS = YES;
				CLANG_WARN_DIRECT_OBJC_ISA_USAGE = YES_ERROR;
				CLANG_WARN_DOCUMENTATION_COMMENTS = YES;
				CLANG_WARN_EMPTY_BODY = YES;
				CLANG_WARN_ENUM_CONVERSION = YES;
				CLANG_WARN_INFINITE_RECURSION = YES;
				CLANG_WARN_INT_CONVERSION = YES;
				CLANG_WARN_NON_LITERAL_NULL_CONVERSION = YES;
				CLANG_WARN_OBJC_IMPLICIT_RETAIN_SELF = YES;
				CLANG_WARN_OBJC_LITERAL_CONVERSION = YES;
				CLANG_WARN_OBJC_ROOT_CLASS = YES_ERROR;
				CLANG_WARN_QUOTED_INCLUDE_IN_FRAMEWORK_HEADER = YES;
				CLANG_WARN_RANGE_LOOP_ANALYSIS = YES;
				CLANG_WARN_STRICT_PROTOTYPES = YES;
				CLANG_WARN_SUSPICIOUS_MOVE = YES;
				CLANG_WARN_UNGUARDED_AVAILABILITY = YES_AGGRESSIVE;
				CLANG_WARN_UNREACHABLE_CODE = YES;
				CLANG_WARN__DUPLICATE_METHOD_MATCH = YES;
				COPY_PHASE_STRIP = NO;
				DEBUG_INFORMATION_FORMAT = dwarf;
				ENABLE_STRICT_OBJC_MSGSEND = YES;
				ENABLE_TESTABILITY = YES;
				GCC_C_LANGUAGE_STANDARD = gnu11;
				GCC_DYNAMIC_NO_PIC = NO;
				GCC_NO_COMMON_BLOCKS = YES;
				GCC_OPTIMIZATION_LEVEL = 0;
				GCC_PREPROCESSOR_DEFINITIONS = (
					"DEBUG=1",
					"$(inherited)",
				);
				GCC_WARN_64_TO_32_BIT_CONVERSION = YES;
				GCC_WARN_ABOUT_RETURN_TYPE = YES_ERROR;
				GCC_WARN_UNDECLARED_SELECTOR = YES;
				GCC_WARN_UNINITIALIZED_AUTOS = YES_AGGRESSIVE;
				GCC_WARN_UNUSED_FUNCTION = YES;
				GCC_WARN_UNUSED_VARIABLE = YES;
				IPHONEOS_DEPLOYMENT_TARGET = 11.0;
				MTL_ENABLE_DEBUG_INFO = INCLUDE_SOURCE;
				MTL_FAST_MATH = YES;
				ONLY_ACTIVE_ARCH = YES;
				SDKROOT = iphoneos;
				SWIFT_ACTIVE_COMPILATION_CONDITIONS = DEBUG;
				SWIFT_OPTIMIZATION_LEVEL = "-Onone";
			};
			name = Debug;
		};
		3047FDF0287AD25B002C5AA0 /* Release */ = {
			isa = XCBuildConfiguration;
			buildSettings = {
				ALWAYS_SEARCH_USER_PATHS = NO;
				CLANG_ANALYZER_NONNULL = YES;
				CLANG_ANALYZER_NUMBER_OBJECT_CONVERSION = YES_AGGRESSIVE;
				CLANG_CXX_LANGUAGE_STANDARD = "gnu++17";
				CLANG_ENABLE_MODULES = YES;
				CLANG_ENABLE_OBJC_ARC = YES;
				CLANG_ENABLE_OBJC_WEAK = YES;
				CLANG_WARN_BLOCK_CAPTURE_AUTORELEASING = YES;
				CLANG_WARN_BOOL_CONVERSION = YES;
				CLANG_WARN_COMMA = YES;
				CLANG_WARN_CONSTANT_CONVERSION = YES;
				CLANG_WARN_DEPRECATED_OBJC_IMPLEMENTATIONS = YES;
				CLANG_WARN_DIRECT_OBJC_ISA_USAGE = YES_ERROR;
				CLANG_WARN_DOCUMENTATION_COMMENTS = YES;
				CLANG_WARN_EMPTY_BODY = YES;
				CLANG_WARN_ENUM_CONVERSION = YES;
				CLANG_WARN_INFINITE_RECURSION = YES;
				CLANG_WARN_INT_CONVERSION = YES;
				CLANG_WARN_NON_LITERAL_NULL_CONVERSION = YES;
				CLANG_WARN_OBJC_IMPLICIT_RETAIN_SELF = YES;
				CLANG_WARN_OBJC_LITERAL_CONVERSION = YES;
				CLANG_WARN_OBJC_ROOT_CLASS = YES_ERROR;
				CLANG_WARN_QUOTED_INCLUDE_IN_FRAMEWORK_HEADER = YES;
				CLANG_WARN_RANGE_LOOP_ANALYSIS = YES;
				CLANG_WARN_STRICT_PROTOTYPES = YES;
				CLANG_WARN_SUSPICIOUS_MOVE = YES;
				CLANG_WARN_UNGUARDED_AVAILABILITY = YES_AGGRESSIVE;
				CLANG_WARN_UNREACHABLE_CODE = YES;
				CLANG_WARN__DUPLICATE_METHOD_MATCH = YES;
				COPY_PHASE_STRIP = NO;
				DEBUG_INFORMATION_FORMAT = "dwarf-with-dsym";
				ENABLE_NS_ASSERTIONS = NO;
				ENABLE_STRICT_OBJC_MSGSEND = YES;
				GCC_C_LANGUAGE_STANDARD = gnu11;
				GCC_NO_COMMON_BLOCKS = YES;
				GCC_WARN_64_TO_32_BIT_CONVERSION = YES;
				GCC_WARN_ABOUT_RETURN_TYPE = YES_ERROR;
				GCC_WARN_UNDECLARED_SELECTOR = YES;
				GCC_WARN_UNINITIALIZED_AUTOS = YES_AGGRESSIVE;
				GCC_WARN_UNUSED_FUNCTION = YES;
				GCC_WARN_UNUSED_VARIABLE = YES;
				IPHONEOS_DEPLOYMENT_TARGET = 11.0;
				MTL_ENABLE_DEBUG_INFO = NO;
				MTL_FAST_MATH = YES;
				SDKROOT = iphoneos;
				SWIFT_COMPILATION_MODE = wholemodule;
				SWIFT_OPTIMIZATION_LEVEL = "-O";
				VALIDATE_PRODUCT = YES;
			};
			name = Release;
		};
		3047FDF2287AD25B002C5AA0 /* Debug */ = {
			isa = XCBuildConfiguration;
			buildSettings = {
				ASSETCATALOG_COMPILER_APPICON_NAME = AppIcon;
				ASSETCATALOG_COMPILER_GLOBAL_ACCENT_COLOR_NAME = AccentColor;
				CODE_SIGN_STYLE = Automatic;
				CURRENT_PROJECT_VERSION = 1;
				DEVELOPMENT_TEAM = JADY8SJ74T;
				GENERATE_INFOPLIST_FILE = YES;
				INFOPLIST_FILE = MoviesApp/Info.plist;
				INFOPLIST_KEY_UIApplicationSupportsIndirectInputEvents = YES;
				INFOPLIST_KEY_UILaunchStoryboardName = LaunchScreen;
				INFOPLIST_KEY_UISupportedInterfaceOrientations_iPad = "UIInterfaceOrientationPortrait UIInterfaceOrientationPortraitUpsideDown UIInterfaceOrientationLandscapeLeft UIInterfaceOrientationLandscapeRight";
				INFOPLIST_KEY_UISupportedInterfaceOrientations_iPhone = "UIInterfaceOrientationPortrait UIInterfaceOrientationLandscapeLeft UIInterfaceOrientationLandscapeRight";
				IPHONEOS_DEPLOYMENT_TARGET = 11.0;
				LD_RUNPATH_SEARCH_PATHS = (
					"$(inherited)",
					"@executable_path/Frameworks",
				);
				MARKETING_VERSION = 1.0;
				PRODUCT_BUNDLE_IDENTIFIER = ozz.MoviesApp;
				PRODUCT_NAME = "$(TARGET_NAME)";
				SWIFT_EMIT_LOC_STRINGS = YES;
				SWIFT_VERSION = 5.0;
				TARGETED_DEVICE_FAMILY = "1,2";
			};
			name = Debug;
		};
		3047FDF3287AD25B002C5AA0 /* Release */ = {
			isa = XCBuildConfiguration;
			buildSettings = {
				ASSETCATALOG_COMPILER_APPICON_NAME = AppIcon;
				ASSETCATALOG_COMPILER_GLOBAL_ACCENT_COLOR_NAME = AccentColor;
				CODE_SIGN_STYLE = Automatic;
				CURRENT_PROJECT_VERSION = 1;
				DEVELOPMENT_TEAM = JADY8SJ74T;
				GENERATE_INFOPLIST_FILE = YES;
				INFOPLIST_FILE = MoviesApp/Info.plist;
				INFOPLIST_KEY_UIApplicationSupportsIndirectInputEvents = YES;
				INFOPLIST_KEY_UILaunchStoryboardName = LaunchScreen;
				INFOPLIST_KEY_UISupportedInterfaceOrientations_iPad = "UIInterfaceOrientationPortrait UIInterfaceOrientationPortraitUpsideDown UIInterfaceOrientationLandscapeLeft UIInterfaceOrientationLandscapeRight";
				INFOPLIST_KEY_UISupportedInterfaceOrientations_iPhone = "UIInterfaceOrientationPortrait UIInterfaceOrientationLandscapeLeft UIInterfaceOrientationLandscapeRight";
				IPHONEOS_DEPLOYMENT_TARGET = 11.0;
				LD_RUNPATH_SEARCH_PATHS = (
					"$(inherited)",
					"@executable_path/Frameworks",
				);
				MARKETING_VERSION = 1.0;
				PRODUCT_BUNDLE_IDENTIFIER = ozz.MoviesApp;
				PRODUCT_NAME = "$(TARGET_NAME)";
				SWIFT_EMIT_LOC_STRINGS = YES;
				SWIFT_VERSION = 5.0;
				TARGETED_DEVICE_FAMILY = "1,2";
			};
			name = Release;
		};
		3047FDF5287AD25B002C5AA0 /* Debug */ = {
			isa = XCBuildConfiguration;
			buildSettings = {
				ALWAYS_EMBED_SWIFT_STANDARD_LIBRARIES = YES;
				BUNDLE_LOADER = "$(TEST_HOST)";
				CODE_SIGN_STYLE = Automatic;
				CURRENT_PROJECT_VERSION = 1;
				DEVELOPMENT_TEAM = JADY8SJ74T;
				GENERATE_INFOPLIST_FILE = YES;
				IPHONEOS_DEPLOYMENT_TARGET = 11.0;
				MARKETING_VERSION = 1.0;
				PRODUCT_BUNDLE_IDENTIFIER = ozz.MoviesAppTests;
				PRODUCT_NAME = "$(TARGET_NAME)";
				SWIFT_EMIT_LOC_STRINGS = NO;
				SWIFT_VERSION = 5.0;
				TARGETED_DEVICE_FAMILY = "1,2";
				TEST_HOST = "$(BUILT_PRODUCTS_DIR)/MoviesApp.app/MoviesApp";
			};
			name = Debug;
		};
		3047FDF6287AD25B002C5AA0 /* Release */ = {
			isa = XCBuildConfiguration;
			buildSettings = {
				ALWAYS_EMBED_SWIFT_STANDARD_LIBRARIES = YES;
				BUNDLE_LOADER = "$(TEST_HOST)";
				CODE_SIGN_STYLE = Automatic;
				CURRENT_PROJECT_VERSION = 1;
				DEVELOPMENT_TEAM = JADY8SJ74T;
				GENERATE_INFOPLIST_FILE = YES;
				IPHONEOS_DEPLOYMENT_TARGET = 11.0;
				MARKETING_VERSION = 1.0;
				PRODUCT_BUNDLE_IDENTIFIER = ozz.MoviesAppTests;
				PRODUCT_NAME = "$(TARGET_NAME)";
				SWIFT_EMIT_LOC_STRINGS = NO;
				SWIFT_VERSION = 5.0;
				TARGETED_DEVICE_FAMILY = "1,2";
				TEST_HOST = "$(BUILT_PRODUCTS_DIR)/MoviesApp.app/MoviesApp";
			};
			name = Release;
		};
		3047FDF8287AD25B002C5AA0 /* Debug */ = {
			isa = XCBuildConfiguration;
			buildSettings = {
				ALWAYS_EMBED_SWIFT_STANDARD_LIBRARIES = YES;
				CODE_SIGN_STYLE = Automatic;
				CURRENT_PROJECT_VERSION = 1;
				DEVELOPMENT_TEAM = JADY8SJ74T;
				GENERATE_INFOPLIST_FILE = YES;
				MARKETING_VERSION = 1.0;
				PRODUCT_BUNDLE_IDENTIFIER = ozz.MoviesAppUITests;
				PRODUCT_NAME = "$(TARGET_NAME)";
				SWIFT_EMIT_LOC_STRINGS = NO;
				SWIFT_VERSION = 5.0;
				TARGETED_DEVICE_FAMILY = "1,2";
				TEST_TARGET_NAME = MoviesApp;
			};
			name = Debug;
		};
		3047FDF9287AD25B002C5AA0 /* Release */ = {
			isa = XCBuildConfiguration;
			buildSettings = {
				ALWAYS_EMBED_SWIFT_STANDARD_LIBRARIES = YES;
				CODE_SIGN_STYLE = Automatic;
				CURRENT_PROJECT_VERSION = 1;
				DEVELOPMENT_TEAM = JADY8SJ74T;
				GENERATE_INFOPLIST_FILE = YES;
				MARKETING_VERSION = 1.0;
				PRODUCT_BUNDLE_IDENTIFIER = ozz.MoviesAppUITests;
				PRODUCT_NAME = "$(TARGET_NAME)";
				SWIFT_EMIT_LOC_STRINGS = NO;
				SWIFT_VERSION = 5.0;
				TARGETED_DEVICE_FAMILY = "1,2";
				TEST_TARGET_NAME = MoviesApp;
			};
			name = Release;
		};
/* End XCBuildConfiguration section */

/* Begin XCConfigurationList section */
		3047FDC2287AD258002C5AA0 /* Build configuration list for PBXProject "MoviesApp" */ = {
			isa = XCConfigurationList;
			buildConfigurations = (
				3047FDEF287AD25B002C5AA0 /* Debug */,
				3047FDF0287AD25B002C5AA0 /* Release */,
			);
			defaultConfigurationIsVisible = 0;
			defaultConfigurationName = Release;
		};
		3047FDF1287AD25B002C5AA0 /* Build configuration list for PBXNativeTarget "MoviesApp" */ = {
			isa = XCConfigurationList;
			buildConfigurations = (
				3047FDF2287AD25B002C5AA0 /* Debug */,
				3047FDF3287AD25B002C5AA0 /* Release */,
			);
			defaultConfigurationIsVisible = 0;
			defaultConfigurationName = Release;
		};
		3047FDF4287AD25B002C5AA0 /* Build configuration list for PBXNativeTarget "MoviesAppTests" */ = {
			isa = XCConfigurationList;
			buildConfigurations = (
				3047FDF5287AD25B002C5AA0 /* Debug */,
				3047FDF6287AD25B002C5AA0 /* Release */,
			);
			defaultConfigurationIsVisible = 0;
			defaultConfigurationName = Release;
		};
		3047FDF7287AD25B002C5AA0 /* Build configuration list for PBXNativeTarget "MoviesAppUITests" */ = {
			isa = XCConfigurationList;
			buildConfigurations = (
				3047FDF8287AD25B002C5AA0 /* Debug */,
				3047FDF9287AD25B002C5AA0 /* Release */,
			);
			defaultConfigurationIsVisible = 0;
			defaultConfigurationName = Release;
		};
/* End XCConfigurationList section */
	};
	rootObject = 3047FDBF287AD258002C5AA0 /* Project object */;
}
